{
  "lockfile_version": "1",
  "packages": {
    "cloudflared@2026.8.2": {
      "last_modified": "2026-08-25T04:16:28Z",
      "resolved": "github:NixOS/nixpkgs/ac6b2166e7a9375683b8e98f860f273222337b16#cloudflared",
      "source": "devbox-search",
      "version": "2026.8.2",
      "systems": {
        "aarch64-darwin": {
          "outputs": [
            {
              "name": "out",
              "path": "/nix/store/j95i9hs8nb5v1z936xnh5qi8h9c22n6c-cloudflared-2026.8.2",
              "default": true
            }
          ],
          "store_path": "/nix/store/j95i9hs8nb5v1z936xnh5qi8h9c22n6c-cloudflared-2026.8.2"
        },
        "aarch64-linux": {
          "outputs": [
            {
              "name": "out",
              "path": "/nix/store/78py7cb9hns2bygprnsjbqj97v6lr99b-cloudflared-2026.8.2",
              "default": true
            }
          ],
          "store_path": "/nix/store/78py7cb9hns2bygprnsjbqj97v6lr99b-cloudflared-2026.8.2"
        },
        "x86_64-linux": {
          "outputs": [
            {
              "name": "out",
              "path": "/nix/store/ja8sizv01lfjxljr27fb9llkvfm9zxrp-cloudflared-2026.8.2",
              "default": true
            }
          ],
          "store_path": "/nix/store/ja8sizv01lfjxljr27fb9llkvfm9zxrp-cloudflared-2026.8.2"
        }
      }
    },
    "fluxcd@2.4.0": {
      "last_modified": "2024-11-28T07:51:56Z",
      "resolved": "github:NixOS/nixpkgs/226216574ada4c3ecefcbbec41f39ce4655f78ef#fluxcd",
      "source": "devbox-search",
      "version": "2.4.0",
      "systems": {
        "aarch64-darwin": {
          "outputs": [
            {
              "name": "out",
              "path": "/nix/store/yhi5qzr3g60v3x88p5319hzcc5bx2fsc-fluxcd-2.4.0",
              "default": true
            }
          ],
          "store_path": "/nix/store/yhi5qzr3g60v3x88p5319hzcc5bx2fsc-fluxcd-2.4.0"
        },
        "aarch64-linux": {
          "outputs": [
            {
              "name": "out",
              "path": "/nix/store/xwplpfpfwiyklx1l1q24ppa2xykc155l-fluxcd-2.4.0",
              "default": true
            }
          ],
          "store_path": "/nix/store/xwplpfpfwiyklx1l1q24ppa2xykc155l-fluxcd-2.4.0"
        },
        "x86_64-darwin": {
          "outputs": [
            {
              "name": "out",
              "path": "/nix/store/y3ig2irlgwnk358h5clk9nf8af8px4hc-fluxcd-2.4.0",
              "default": true
            }
          ],
          "store_path": "/nix/store/y3ig2irlgwnk358h5clk9nf8af8px4hc-fluxcd-2.4.0"
        },
        "x86_64-linux": {
          "outputs": [
            {
              "name": "out",
              "path": "/nix/store/1f5dm7fxm0z51mxdjpab7yqlppqi9b8k-fluxcd-2.4.0",
              "default": true
            }
          ],
          "store_path": "/nix/store/1f5dm7fxm0z51mxdjpab7yqlppqi9b8k-fluxcd-2.4.0"
        }
      }
    },
    "go-task@3.41.0": {
      "last_modified": "2025-04-17T05:47:26Z",
      "resolved": "github:NixOS/nixpkgs/ebe4301cbd8f81c4f8d3244b3632338bbeb6d49c#go-task",
      "source": "devbox-search",
      "version": "3.41.0",
      "systems": {
        "aarch64-darwin": {
          "outputs": [
            {
              "name": "out",
              "path": "/nix/store/zz0ydwqf8s4dmdrhrd2i8h467mxsdgib-go-task-3.41.0",
              "default": true
            }
          ],
          "store_path": "/nix/store/zz0ydwqf8s4dmdrhrd2i8h467mxsdgib-go-task-3.41.0"
        },
        "aarch64-linux": {
          "outputs": [
            {
              "name": "out",
              "path": "/nix/store/gw5m0vszm1arqri0f23x2myhn48njy8a-go-task-3.41.0",
              "default": true
            }
          ],
          "store_path": "/nix/store/gw5m0vszm1arqri0f23x2myhn48njy8a-go-task-3.41.0"
        },
        "x86_64-darwin": {
          "outputs": [
            {
              "name": "out",
              "path": "/nix/store/hyp3mswald858k3kpbyc63h4dz2xfl18-go-task-3.41.0",
              "default": true
            }
          ],
          "store_path": "/nix/store/hyp3mswald858k3kpbyc63h4dz2xfl18-go-task-3.41.0"
        },
        "x86_64-linux": {
          "outputs": [
            {
              "name": "out",
              "path": "/nix/store/h39sp829c75dccfp5jk8a5aqap4gpn8m-go-task-3.41.0",
              "default": true
            }
          ],
          "store_path": "/nix/store/h39sp829c75dccfp5jk8a5aqap4gpn8m-go-task-3.41.0"
        }
      }
    },
    "helmfile@1.7.4": {
      "last_modified": "2026-08-22T02:12:10Z",
      "resolved": "github:NixOS/nixpkgs/a831408e6378bc02ebf8cc09b52c96ca86f6bab4#helmfile",
      "source": "devbox-search",
      "version": "1.7.4",
      "systems": {
        "aarch64-darwin": {
          "outputs": [
            {
              "name": "out",
              "path": "/nix/store/vkcwv37bp1dcxxs7f1s0drspa9cf51jj-helmfile-1.7.4",
              "default": true
            }
          ],
          "store_path": "/nix/store/vkcwv37bp1dcxxs7f1s0drspa9cf51jj-helmfile-1.7.4"
        },
        "aarch64-linux": {
          "outputs": [
            {
              "name": "out",
              "path": "/nix/store/skyjrlz8ybnq42vhnwfad1dnh9psca79-helmfile-1.7.4",
              "default": true
            }
          ],
          "store_path": "/nix/store/skyjrlz8ybnq42vhnwfad1dnh9psca79-helmfile-1.7.4"
        },
        "x86_64-linux": {
          "outputs": [
            {
              "name": "out",
              "path": "/nix/store/gg663yrmpl0mic0yi1n6hxp53x7cishq-helmfile-1.7.4",
              "default": true
            }
          ],
          "store_path": "/nix/store/gg663yrmpl0mic0yi1n6hxp53x7cishq-helmfile-1.7.4"
        }
      }
    },
    "jq@1.7.1": {
      "last_modified": "2024-12-01T03:48:48Z",
      "resolved": "github:NixOS/nixpkgs/2c27ab2e60502d1ebb7cf38909de38663f762a79#jq",
      "source": "devbox-search",
      "version": "1.7.1",
      "systems": {
        "aarch64-darwin": {
          "outputs": [
            {
              "name": "bin",
              "path": "/nix/store/1ayrnq8zpljx4m3kvgfs6kqv9vrm6zik-jq-1.7.1-bin",
              "default": true
            },
            {
              "name": "man",
              "path": "/nix/store/fy9h4wlb4a8r34jrqif25n2i24vaw9x2-jq-1.7.1-man",
              "default": true
            },
            {
              "name": "dev",
              "path": "/nix/store/05c8mk6qnrxgyazs2acg3816h57lvsvb-jq-1.7.1-dev"
            },
            {
              "name": "doc",
              "path": "/nix/store/zm4966xz8nyp9nzkn6ghhzh8hcw87bmv-jq-1.7.1-doc"
            },
            {
              "name": "out",
              "path": "/nix/store/1ldq0nn6gjpxqjxihzdd7vlppmxvmpxn-jq-1.7.1"
            }
          ],
          "store_path": "/nix/store/1ayrnq8zpljx4m3kvgfs6kqv9vrm6zik-jq-1.7.1-bin"
        },
        "aarch64-linux": {
          "outputs": [
            {
              "name": "bin",
              "path": "/nix/store/pixiqvakc6rxc10qfpy2w4dsgnmsdayv-jq-1.7.1-bin",
              "default": true
            },
            {
              "name": "man",
              "path": "/nix/store/fgjncriv2sc52b8lwm5kzabkq26kirvk-jq-1.7.1-man",
              "default": true
            },
            {
              "name": "dev",
              "path": "/nix/store/gn12vqlhg68r5gwsacsiksqm6255nl3s-jq-1.7.1-dev"
            },
            {
              "name": "doc",
              "path": "/nix/store/v8cvxadadrrvi8as046wiyzb96xvih19-jq-1.7.1-doc"
            },
            {
              "name": "out",
              "path": "/nix/store/5xm3x3a9jaq9fy4jrg44rk7b6hl9sgbv-jq-1.7.1"
            }
          ],
          "store_path": "/nix/store/pixiqvakc6rxc10qfpy2w4dsgnmsdayv-jq-1.7.1-bin"
        },
        "x86_64-darwin": {
          "outputs": [
            {
              "name": "bin",
              "path": "/nix/store/g6m0ggpijkm26ygd8vvhyd07sgriz26j-jq-1.7.1-bin",
              "default": true
            },
            {
              "name": "man",
              "path": "/nix/store/gr5mmlwr3y511brhq7nihbyixjhcn80k-jq-1.7.1-man",
              "default": true
            },
            {
              "name": "out",
              "path": "/nix/store/ganc2d577ffr1h3qcvxln1d5gn6z3m83-jq-1.7.1"
            },
            {
              "name": "dev",
              "path": "/nix/store/cybp745j7fvdnxkf9889wiscn9cgbwjp-jq-1.7.1-dev"
            },
            {
              "name": "doc",
              "path": "/nix/store/0yhbxjsrbh7g6x7ngfc1qg6q613qbqhp-jq-1.7.1-doc"
            }
          ],
          "store_path": "/nix/store/g6m0ggpijkm26ygd8vvhyd07sgriz26j-jq-1.7.1-bin"
        },
        "x86_64-linux": {
          "outputs": [
            {
              "name": "bin",
              "path": "/nix/store/75q9nlm0zn7cg6w151cc4mkqqk0mwaxa-jq-1.7.1-bin",
              "default": true
            },
            {
              "name": "man",
              "path": "/nix/store/3wwkjcpxyrryfb1dbxjp82kj8g8jaxzw-jq-1.7.1-man",
              "default": true
            },
            {
              "name": "out",
              "path": "/nix/store/cpzlrkcbp2s87aya4hfxigj6a68m6yzz-jq-1.7.1"
            },
            {
              "name": "dev",
              "path": "/nix/store/f5y04jklz034w0y55bnqhcfnd271spwa-jq-1.7.1-dev"
            },
            {
              "name": "doc",
              "path": "/nix/store/j0i0bzx90l10l3vxdwj29xjji1avp15a-jq-1.7.1-doc"
            }
          ],
          "store_path": "/nix/store/75q9nlm0zn7cg6w151cc4mkqqk0mwaxa-jq-1.7.1-bin"
        }
      }
    },
    "k9s@0.32.7": {
      "last_modified": "2024-12-23T21:10:33Z",
      "resolved": "github:NixOS/nixpkgs/de1864217bfa9b5845f465e771e0ecb48b30e02d#k9s",
      "source": "devbox-search",
      "version": "0.32.7",
      "systems": {
        "aarch64-darwin": {
          "outputs": [
            {
              "name": "out",
              "path": "/nix/store/j34ib6fncah841fs9f735jydwl9mgrcq-k9s-0.32.7",
              "default": true
            }
          ],
          "store_path": "/nix/store/j34ib6fncah841fs9f735jydwl9mgrcq-k9s-0.32.7"
        },
        "aarch64-linux": {
          "outputs": [
            {
              "name": "out",
              "path": "/nix/store/0dzcr6jpjyr94rvc05lvpyh3aq0ispbw-k9s-0.32.7",
              "default": true
            }
          ],
          "store_path": "/nix/store/0dzcr6jpjyr94rvc05lvpyh3aq0ispbw-k9s-0.32.7"
        },
        "x86_64-darwin": {
          "outputs": [
            {
              "name": "out",
              "path": "/nix/store/fnxpjszlgh4g25jl96xxcm0wxd0n7h0i-k9s-0.32.7",
              "default": true
            }
          ],
          "store_path": "/nix/store/fnxpjszlgh4g25jl96xxcm0wxd0n7h0i-k9s-0.32.7"
        },
        "x86_64-linux": {
          "outputs": [
            {
              "name": "out",
              "path": "/nix/store/acfv4993hw202l9zrrmgrjf3bk7imaym-k9s-0.32.7",
              "default": true
            }
          ],
          "store_path": "/nix/store/acfv4993hw202l9zrrmgrjf3bk7imaym-k9s-0.32.7"
        }
      }
    },
    "kubeconform@0.6.7": {
      "last_modified": "2024-11-28T07:51:56Z",
      "resolved": "github:NixOS/nixpkgs/226216574ada4c3ecefcbbec41f39ce4655f78ef#kubeconform",
      "source": "devbox-search",
      "version": "0.6.7",
      "systems": {
        "aarch64-darwin": {
          "outputs": [
            {
              "name": "out",
              "path": "/nix/store/xv9qkp28fm42pvvarmvjf8i7lv390wk4-kubeconform-0.6.7",
              "default": true
            }
          ],
          "store_path": "/nix/store/xv9qkp28fm42pvvarmvjf8i7lv390wk4-kubeconform-0.6.7"
        },
        "aarch64-linux": {
          "outputs": [
            {
              "name": "out",
              "path": "/nix/store/7kd7wsdhch5p4x7pzjz08i9mg4gyqd19-kubeconform-0.6.7",
              "default": true
            }
          ],
          "store_path": "/nix/store/7kd7wsdhch5p4x7pzjz08i9mg4gyqd19-kubeconform-0.6.7"
        },
        "x86_64-darwin": {
          "outputs": [
            {
              "name": "out",
              "path": "/nix/store/dr4c5ma8ivrdvynl5iyvmxr2n95h9l43-kubeconform-0.6.7",
              "default": true
            }
          ],
          "store_path": "/nix/store/dr4c5ma8ivrdvynl5iyvmxr2n95h9l43-kubeconform-0.6.7"
        },
        "x86_64-linux": {
          "outputs": [
            {
              "name": "out",
              "path": "/nix/store/6np3qshnbmcb2l1vhglf05p3m8fab71b-kubeconform-0.6.7",
              "default": true
            }
          ],
          "store_path": "/nix/store/6np3qshnbmcb2l1vhglf05p3m8fab71b-kubeconform-0.6.7"
        }
      }
    },
    "kubectl@1.32.1": {
      "last_modified": "2025-02-07T11:26:36Z",
      "resolved": "github:NixOS/nixpkgs/d98abf5cf5914e5e4e9d57205e3af55ca90ffc1d#kubectl",
      "source": "devbox-search",
      "version": "1.32.1",
      "systems": {
        "aarch64-darwin": {
          "outputs": [
            {
              "name": "out",
              "path": "/nix/store/bxnmjl64ys4blg5gmd7v6i93j627a37z-kubectl-1.32.1",
              "default": true
            },
            {
              "name": "man",
              "path": "/nix/store/0fp6a3jphb7l2qymdhyc8zfci49dwwq8-kubectl-1.32.1-man",
              "default": true
            },
            {
              "name": "convert",
              "path": "/nix/store/jjjx71bfqir3ra9m4ja8sr0y6r27j1di-kubectl-1.32.1-convert"
            }
          ],
          "store_path": "/nix/store/bxnmjl64ys4blg5gmd7v6i93j627a37z-kubectl-1.32.1"
        },
        "aarch64-linux": {
          "outputs": [
            {
              "name": "out",
              "path": "/nix/store/965671cha74xnwimnp0mp3810z981fg3-kubectl-1.32.1",
              "default": true
            },
            {
              "name": "man",
              "path": "/nix/store/h5phzzl23d2n2rck2g3p8gi1n9rpw39z-kubectl-1.32.1-man",
              "default": true
            },
            {
              "name": "convert",
              "path": "/nix/store/47y2qv2v0yjcbdl8p4ir1l35n50vcgk6-kubectl-1.32.1-convert"
            }
          ],
          "store_path": "/nix/store/965671cha74xnwimnp0mp3810z981fg3-kubectl-1.32.1"
        },
        "x86_64-darwin": {
          "outputs": [
            {
              "name": "out",
              "path": "/nix/store/amx4pha2xrlbjgl1cgsm2aw6889nlc58-kubectl-1.32.1",
              "default": true
            },
            {
              "name": "man",
              "path": "/nix/store/6ic0ah864m9ybaavzpn4549bkqjgs63m-kubectl-1.32.1-man",
              "default": true
            },
            {
              "name": "convert",
              "path": "/nix/store/xvaxw41bzksd38lqnfm7r8w34yk2wcgs-kubectl-1.32.1-convert"
            }
          ],
          "store_path": "/nix/store/amx4pha2xrlbjgl1cgsm2aw6889nlc58-kubectl-1.32.1"
        },
        "x86_64-linux": {
          "outputs": [
            {
              "name": "out",
              "path": "/nix/store/zph6v36yrnyixil25mnysr82i933kx6i-kubectl-1.32.1",
              "default": true
            },
            {
              "name": "man",
              "path": "/nix/store/q843mipr11308vvvp7465yc7y4k5mg06-kubectl-1.32.1-man",
              "default": true
            },
            {
              "name": "convert",
              "path": "/nix/store/y3l02a82n3zzzdipccb1xpdw3yz68cb0-kubectl-1.32.1-convert"
            }
          ],
          "store_path": "/nix/store/zph6v36yrnyixil25mnysr82i933kx6i-kubectl-1.32.1"
        }
      }
    },
    "kubernetes-helm@4.2.4": {
      "last_modified": "2026-08-14T06:48:10Z",
      "resolved": "github:NixOS/nixpkgs/f2b17eb1b90f6a359082035b4538d4c63017aec3#kubernetes-helm",
      "source": "devbox-search",
      "version": "4.2.4",
      "systems": {
        "aarch64-darwin": {
          "outputs": [
            {
              "name": "out",
              "path": "/nix/store/zzbd5kzhdq4xh99ykhmsk9gdr3sgsdv4-kubernetes-helm-4.2.4",
              "default": true
            }
          ],
          "store_path": "/nix/store/zzbd5kzhdq4xh99ykhmsk9gdr3sgsdv4-kubernetes-helm-4.2.4"
        },
        "aarch64-linux": {
          "outputs": [
            {
              "name": "out",
              "path": "/nix/store/m15s22fr1c74qc24bqsi14zmvmh3wa02-kubernetes-helm-4.2.4",
              "default": true
            }
          ],
          "store_path": "/nix/store/m15s22fr1c74qc24bqsi14zmvmh3wa02-kubernetes-helm-4.2.4"
        },
        "x86_64-linux": {
          "outputs": [
            {
              "name": "out",
              "path": "/nix/store/g48g9scy4mz49kwjsy0fb9kkbspvkcfi-kubernetes-helm-4.2.4",
              "default": true
            }
          ],
          "store_path": "/nix/store/g48g9scy4mz49kwjsy0fb9kkbspvkcfi-kubernetes-helm-4.2.4"
        }
      }
    },
    "kustomize@5.6.0": {
      "last_modified": "2025-01-16T05:04:52Z",
      "resolved": "github:NixOS/nixpkgs/ae06b9c2d83cb5c8b12d7d0e32692e93d1379713#kustomize",
      "source": "devbox-search",
      "version": "5.6.0",
      "systems": {
        "aarch64-darwin": {
          "outputs": [
            {
              "name": "out",
              "path": "/nix/store/zww585i9ikry297h1nwpd3dhk4g3588z-kustomize-5.6.0",
              "default": true
            }
          ],
          "store_path": "/nix/store/zww585i9ikry297h1nwpd3dhk4g3588z-kustomize-5.6.0"
        },
        "aarch64-linux": {
          "outputs": [
            {
              "name": "out",
              "path": "/nix/store/mngd0x0m4nybs6dpll73cfmkqb1f4x94-kustomize-5.6.0",
              "default": true
            }
          ],
          "store_path": "/nix/store/mngd0x0m4nybs6dpll73cfmkqb1f4x94-kustomize-5.6.0"
        },
        "x86_64-darwin": {
          "outputs": [
            {
              "name": "out",
              "path": "/nix/store/9ai7av3lz2s0racs3xv14yzz36iywkmq-kustomize-5.6.0",
              "default": true
            }
          ],
          "store_path": "/nix/store/9ai7av3lz2s0racs3xv14yzz36iywkmq-kustomize-5.6.0"
        },
        "x86_64-linux": {
          "outputs": [
            {
              "name": "out",
              "path": "/nix/store/5lix8hq9a6cw9bh7g3bc21nrlfzn7afm-kustomize-5.6.0",
              "default": true
            }
          ],
          "store_path": "/nix/store/5lix8hq9a6cw9bh7g3bc21nrlfzn7afm-kustomize-5.6.0"
        }
      }
    },
    "makejinja@2.7.2": {
      "last_modified": "2024-12-30T01:48:12Z",
      "resolved": "github:NixOS/nixpkgs/6d97d419e5a9b36e6293887a89a078cf85f5a61b#makejinja",
      "source": "devbox-search",
      "version": "2.7.2",
      "systems": {
        "aarch64-darwin": {
          "outputs": [
            {
              "name": "out",
              "path": "/nix/store/957kc7dk90fcw1bpp53cx8cpw35ayxcb-makejinja-2.7.2",
              "default": true
            },
            {
              "name": "dist",
              "path": "/nix/store/hrvz6gka8l9dbhi8fgjs71fdm2jwjdxc-makejinja-2.7.2-dist"
            }
          ],
          "store_path": "/nix/store/957kc7dk90fcw1bpp53cx8cpw35ayxcb-makejinja-2.7.2"
        },
        "aarch64-linux": {
          "outputs": [
            {
              "name": "out",
              "path": "/nix/store/cnbcmb2r8v0hn3qlf5vl9vvvhwkdixb0-makejinja-2.7.2",
              "default": true
            },
            {
              "name": "dist",
              "path": "/nix/store/nsi591yiqnwjhi63698fh8dhf1dk8r09-makejinja-2.7.2-dist"
            }
          ],
          "store_path": "/nix/store/cnbcmb2r8v0hn3qlf5vl9vvvhwkdixb0-makejinja-2.7.2"
        },
        "x86_64-darwin": {
          "outputs": [
            {
              "name": "out",
              "path": "/nix/store/0mcrvjlwrxv5jah3xayc3s6pw5n41kvv-makejinja-2.7.2",
              "default": true
            },
            {
              "name": "dist",
              "path": "/nix/store/yimd5bw9f6n0qfms53j8ww9vnh1rnypb-makejinja-2.7.2-dist"
            }
          ],
          "store_path": "/nix/store/0mcrvjlwrxv5jah3xayc3s6pw5n41kvv-makejinja-2.7.2"
        },
        "x86_64-linux": {
          "outputs": [
            {
              "name": "out",
              "path": "/nix/store/2992r8f9rrb1hqbblnvck3psgcj12mcv-makejinja-2.7.2",
              "default": true
            },
            {
              "name": "dist",
              "path": "/nix/store/6ifg10cvlxw72skxd7vf9w9p7lx9a2h8-makejinja-2.7.2-dist"
            }
          ],
          "store_path": "/nix/store/2992r8f9rrb1hqbblnvck3psgcj12mcv-makejinja-2.7.2"
        }
      }
    },
    "moreutils@0.70": {
      "last_modified": "2024-12-23T21:10:33Z",
      "resolved": "github:NixOS/nixpkgs/de1864217bfa9b5845f465e771e0ecb48b30e02d#moreutils",
      "source": "devbox-search",
      "version": "0.70",
      "systems": {
        "aarch64-darwin": {
          "outputs": [
            {
              "name": "out",
              "path": "/nix/store/vmym13fydbqhylsb5ia7jvm38g5ghx3a-moreutils-0.70",
              "default": true
            }
          ],
          "store_path": "/nix/store/vmym13fydbqhylsb5ia7jvm38g5ghx3a-moreutils-0.70"
        },
        "aarch64-linux": {
          "outputs": [
            {
              "name": "out",
              "path": "/nix/store/16wrhbn0vl7z9kk37gw2pb1qc0rdjm5j-moreutils-0.70",
              "default": true
            }
          ],
          "store_path": "/nix/store/16wrhbn0vl7z9kk37gw2pb1qc0rdjm5j-moreutils-0.70"
        },
        "x86_64-darwin": {
          "outputs": [
            {
              "name": "out",
              "path": "/nix/store/gzhm22xd12d82b8sgx50vj8f71n0zm5l-moreutils-0.70",
              "default": true
            }
          ],
          "store_path": "/nix/store/gzhm22xd12d82b8sgx50vj8f71n0zm5l-moreutils-0.70"
        },
        "x86_64-linux": {
          "outputs": [
            {
              "name": "out",
              "path": "/nix/store/bcnzkmyrlhx50b2vdqhp7inhnjq6d0g3-moreutils-0.70",
              "default": true
            }
          ],
          "store_path": "/nix/store/bcnzkmyrlhx50b2vdqhp7inhnjq6d0g3-moreutils-0.70"
        }
      }
    },
    "nodejs@24.12.0": {
      "last_modified": "2025-12-29T16:45:58Z",
      "plugin_version": "0.0.4",
      "resolved": "github:NixOS/nixpkgs/346dd96ad74dc4457a9db9de4f4f57dab2e5731d#nodejs_24",
      "source": "devbox-search",
      "version": "24.12.0",
      "systems": {
        "aarch64-darwin": {
          "outputs": [
            {
              "name": "out",
              "path": "/nix/store/b1h0af3yb3z9jz048phclcqw6ihiww67-nodejs-24.12.0",
              "default": true
            },
            {
              "name": "dev",
              "path": "/nix/store/ksn4nj0nbp0ikmh4scy9x4biqqdswwhy-nodejs-24.12.0-dev"
            },
            {
              "name": "libv8",
              "path": "/nix/store/3x72bm7l30ib7l7cximrp0sklcq8jqwy-nodejs-24.12.0-libv8"
            }
          ],
          "store_path": "/nix/store/b1h0af3yb3z9jz048phclcqw6ihiww67-nodejs-24.12.0"
        },
        "aarch64-linux": {
          "outputs": [
            {
              "name": "out",
              "path": "/nix/store/9jfsyhcr9c6rpm94lrkibv75jkggvwss-nodejs-24.12.0",
              "default": true
            },
            {
              "name": "dev",
              "path": "/nix/store/7izhv9x1yvsmyrhmmyps6bxjjclajm80-nodejs-24.12.0-dev"
            },
            {
              "name": "libv8",
              "path": "/nix/store/8hl74pnc1qyz68rg10ixw7fz32hcxqkk-nodejs-24.12.0-libv8"
            }
          ],
          "store_path": "/nix/store/9jfsyhcr9c6rpm94lrkibv75jkggvwss-nodejs-24.12.0"
        },
        "x86_64-darwin": {
          "outputs": [
            {
              "name": "out",
              "path": "/nix/store/cj1243xswxvnwgifyiyg8axhn0r2vl48-nodejs-24.12.0",
              "default": true
            },
            {
              "name": "dev",
              "path": "/nix/store/kzia3rkaf9vwpn3py23q9v49jpjm6zx7-nodejs-24.12.0-dev"
            },
            {
              "name": "libv8",
              "path": "/nix/store/xszji81xj7ghjhz7jk0jkhb84nfwyd8f-nodejs-24.12.0-libv8"
            }
          ],
          "store_path": "/nix/store/cj1243xswxvnwgifyiyg8axhn0r2vl48-nodejs-24.12.0"
        },
        "x86_64-linux": {
          "outputs": [
            {
              "name": "out",
              "path": "/nix/store/9z1v3wyrxp6fpyzw21lcakd5w7aknzyc-nodejs-24.12.0",
              "default": true
            },
            {
              "name": "libv8",
              "path": "/nix/store/5yvx909wlis13qd2y1ahwl7ij21ma69a-nodejs-24.12.0-libv8"
            },
            {
              "name": "dev",
              "path": "/nix/store/7ll99p08gmpg0n048669p80zjibl5akr-nodejs-24.12.0-dev"
            }
          ],
          "store_path": "/nix/store/9z1v3wyrxp6fpyzw21lcakd5w7aknzyc-nodejs-24.12.0"
        }
      }
    },
    "patch@2.7.6": {
      "last_modified": "2025-01-25T23:17:58Z",
      "resolved": "github:NixOS/nixpkgs/b582bb5b0d7af253b05d58314b85ab8ec46b8d19#patch",
      "source": "devbox-search",
      "version": "2.7.6",
      "systems": {
        "aarch64-darwin": {
          "outputs": [
            {
              "name": "out",
              "path": "/nix/store/h681ir0m8v2i0psmcfrl85cdqxi90w7c-patch-2.7.6",
              "default": true
            }
          ],
          "store_path": "/nix/store/h681ir0m8v2i0psmcfrl85cdqxi90w7c-patch-2.7.6"
        },
        "x86_64-darwin": {
          "outputs": [
            {
              "name": "out",
              "path": "/nix/store/5d20l54js1snzsbkmhz88mz7ranfgr9b-patch-2.7.6",
              "default": true
            }
          ],
          "store_path": "/nix/store/5d20l54js1snzsbkmhz88mz7ranfgr9b-patch-2.7.6"
        },
        "x86_64-linux": {
          "outputs": [
            {
              "path": "/tmp/containerbase/cache/nix/store/8ryl61421q3qb5sb3pw3fhrlv6zphpz0-patch-2.7.6",
              "default": true
            }
          ]
        }
      }
    },
    "pre-commit@4.0.1": {
      "last_modified": "2024-11-28T07:51:56Z",
      "resolved": "github:NixOS/nixpkgs/226216574ada4c3ecefcbbec41f39ce4655f78ef#pre-commit",
      "source": "devbox-search",
      "version": "4.0.1",
      "systems": {
        "aarch64-darwin": {
          "outputs": [
            {
              "name": "out",
              "path": "/nix/store/aimv8ah3yhgab36sw3zbq1iijyziznf6-pre-commit-4.0.1",
              "default": true
            },
            {
              "name": "dist",
              "path": "/nix/store/qmi5w2qid6pikla8rwlpmjq089dzgrc1-pre-commit-4.0.1-dist"
            }
          ],
          "store_path": "/nix/store/aimv8ah3yhgab36sw3zbq1iijyziznf6-pre-commit-4.0.1"
        },
        "aarch64-linux": {
          "outputs": [
            {
              "name": "out",
              "path": "/nix/store/5m43n9nfh3adc16v4gkhbam8j01n6vnc-pre-commit-4.0.1",
              "default": true
            },
            {
              "name": "dist",
              "path": "/nix/store/dynbxgqjrpxfyhi1md6fvinvqrrk129d-pre-commit-4.0.1-dist"
            }
          ],
          "store_path": "/nix/store/5m43n9nfh3adc16v4gkhbam8j01n6vnc-pre-commit-4.0.1"
        },
        "x86_64-darwin": {
          "outputs": [
            {
              "name": "out",
              "path": "/nix/store/dbzp2indq72z7dnagwyadslh5hrsg9b9-pre-commit-4.0.1",
              "default": true
            },
            {
              "name": "dist",
              "path": "/nix/store/q2n16d43f53b1x1sa13sb8rlzzf63bz8-pre-commit-4.0.1-dist"
            }
          ],
          "store_path": "/nix/store/dbzp2indq72z7dnagwyadslh5hrsg9b9-pre-commit-4.0.1"
        },
        "x86_64-linux": {
          "outputs": [
            {
              "name": "out",
              "path": "/nix/store/q4m1rd8xbbvigqi5vgd9mp58m857bx9a-pre-commit-4.0.1",
              "default": true
            },
            {
              "name": "dist",
              "path": "/nix/store/p9725ydq8z1d25hhba3s4sjlj57gd6mk-pre-commit-4.0.1-dist"
            }
          ],
          "store_path": "/nix/store/q4m1rd8xbbvigqi5vgd9mp58m857bx9a-pre-commit-4.0.1"
        }
      }
    },
    "python310Packages.dnspython@2.4.2": {
      "last_modified": "2023-12-13T22:54:10Z",
      "resolved": "github:NixOS/nixpkgs/fd04bea4cbf76f86f244b9e2549fca066db8ddff#python310Packages.dnspython",
      "source": "devbox-search",
      "version": "2.4.2",
      "systems": {
        "aarch64-darwin": {
          "outputs": [
            {
              "name": "out",
              "path": "/nix/store/az5vpzgbmf2dcfivw1pvrqh0qcm8awp2-python3.10-dnspython-2.4.2",
              "default": true
            },
            {
              "name": "dist",
              "path": "/nix/store/4xvibywl2w6w7idlhiv67b3r88d9mvhg-python3.10-dnspython-2.4.2-dist"
            }
          ],
          "store_path": "/nix/store/az5vpzgbmf2dcfivw1pvrqh0qcm8awp2-python3.10-dnspython-2.4.2"
        },
        "aarch64-linux": {
          "outputs": [
            {
              "name": "out",
              "path": "/nix/store/6ffqgd94hcy74cq3pvjk96m8i88iyc8p-python3.10-dnspython-2.4.2",
              "default": true
            },
            {
              "name": "dist",
              "path": "/nix/store/1b52fnflash6n6wwqqhadqw3hn5rcgyy-python3.10-dnspython-2.4.2-dist"
            }
          ],
          "store_path": "/nix/store/6ffqgd94hcy74cq3pvjk96m8i88iyc8p-python3.10-dnspython-2.4.2"
        },
        "x86_64-darwin": {
          "outputs": [
            {
              "name": "out",
              "path": "/nix/store/jfjrdhhafb3mq2fr85jrmrkykbs3d9af-python3.10-dnspython-2.4.2",
              "default": true
            },
            {
              "name": "dist",
              "path": "/nix/store/jnpkm4whg2dc08q6xbgfndbldqnkjniw-python3.10-dnspython-2.4.2-dist"
            }
          ],
          "store_path": "/nix/store/jfjrdhhafb3mq2fr85jrmrkykbs3d9af-python3.10-dnspython-2.4.2"
        },
        "x86_64-linux": {
          "outputs": [
            {
              "name": "out",
              "path": "/nix/store/7nf8wdnkgzpharwfd257wi89zrp384g8-python3.10-dnspython-2.4.2",
              "default": true
            },
            {
              "name": "dist",
              "path": "/nix/store/wp1wnwa8fc9ivvfsv23qflbkygf9jfr8-python3.10-dnspython-2.4.2-dist"
            }
          ],
          "store_path": "/nix/store/7nf8wdnkgzpharwfd257wi89zrp384g8-python3.10-dnspython-2.4.2"
        }
      }
    },
    "python310Packages.email-validator@2.0.0": {
      "last_modified": "2023-12-13T22:54:10Z",
      "resolved": "github:NixOS/nixpkgs/fd04bea4cbf76f86f244b9e2549fca066db8ddff#python310Packages.email-validator",
      "source": "devbox-search",
      "version": "2.0.0",
      "systems": {
        "aarch64-darwin": {
          "outputs": [
            {
              "name": "out",
              "path": "/nix/store/f35gd36kh37f86rinqpkqj4yvvhcylqa-python3.10-email-validator-2.0.0",
              "default": true
            },
            {
              "name": "dist",
              "path": "/nix/store/l5d2rv4wm70r89sw307cr88mys0daca2-python3.10-email-validator-2.0.0-dist"
            }
          ],
          "store_path": "/nix/store/f35gd36kh37f86rinqpkqj4yvvhcylqa-python3.10-email-validator-2.0.0"
        },
        "aarch64-linux": {
          "outputs": [
            {
              "name": "out",
              "path": "/nix/store/8a85vi9m7awkpm5wkk165hd9jnkqghpq-python3.10-email-validator-2.0.0",
              "default": true
            },
            {
              "name": "dist",
              "path": "/nix/store/lr7imz48xw2c3nwa544jg8v9pz97zy9l-python3.10-email-validator-2.0.0-dist"
            }
          ],
          "store_path": "/nix/store/8a85vi9m7awkpm5wkk165hd9jnkqghpq-python3.10-email-validator-2.0.0"
        },
        "x86_64-darwin": {
          "outputs": [
            {
              "name": "out",
              "path": "/nix/store/y30wphf10k0n56spijkap557n792yah2-python3.10-email-validator-2.0.0",
              "default": true
            },
            {
              "name": "dist",
              "path": "/nix/store/wl318rxl6bhcx85vbp0423qzhmpp2fvi-python3.10-email-validator-2.0.0-dist"
            }
          ],
          "store_path": "/nix/store/y30wphf10k0n56spijkap557n792yah2-python3.10-email-validator-2.0.0"
        },
        "x86_64-linux": {
          "outputs": [
            {
              "name": "out",
              "path": "/nix/store/41h3zh60fszw7yszv5xjv9jhrnhnskrc-python3.10-email-validator-2.0.0",
              "default": true
            },
            {
              "name": "dist",
              "path": "/nix/store/qb5lxsxv57p38xhak7pgy3bk0fnvgzqc-python3.10-email-validator-2.0.0-dist"
            }
          ],
          "store_path": "/nix/store/41h3zh60fszw7yszv5xjv9jhrnhnskrc-python3.10-email-validator-2.0.0"
        }
      }
    },
    "python310Packages.netaddr@0.8.0": {
      "last_modified": "2023-12-13T22:54:10Z",
      "resolved": "github:NixOS/nixpkgs/fd04bea4cbf76f86f244b9e2549fca066db8ddff#python310Packages.netaddr",
      "source": "devbox-search",
      "version": "0.8.0",
      "systems": {
        "aarch64-darwin": {
          "outputs": [
            {
              "name": "out",
              "path": "/nix/store/kx9zdlalf7g9c07gk462ff175psisxkw-python3.10-netaddr-0.8.0",
              "default": true
            },
            {
              "name": "dist",
              "path": "/nix/store/dcclvhi9dfxn50vwspg19i4k9d5v3diq-python3.10-netaddr-0.8.0-dist"
            }
          ],
          "store_path": "/nix/store/kx9zdlalf7g9c07gk462ff175psisxkw-python3.10-netaddr-0.8.0"
        },
        "aarch64-linux": {
          "outputs": [
            {
              "name": "out",
              "path": "/nix/store/873mkwhw97cscm26am67pr4l8cllg735-python3.10-netaddr-0.8.0",
              "default": true
            },
            {
              "name": "dist",
              "path": "/nix/store/yakw9pmk5xjyqvkq0zsz7r76azd27647-python3.10-netaddr-0.8.0-dist"
            }
          ],
          "store_path": "/nix/store/873mkwhw97cscm26am67pr4l8cllg735-python3.10-netaddr-0.8.0"
        },
        "x86_64-darwin": {
          "outputs": [
            {
              "name": "out",
              "path": "/nix/store/l2i4qczmy2r7ppbppra7fccj0316lili-python3.10-netaddr-0.8.0",
              "default": true
            },
            {
              "name": "dist",
              "path": "/nix/store/aq6mazid1i68z6afa6qr29gyf23q1iip-python3.10-netaddr-0.8.0-dist"
            }
          ],
          "store_path": "/nix/store/l2i4qczmy2r7ppbppra7fccj0316lili-python3.10-netaddr-0.8.0"
        },
        "x86_64-linux": {
          "outputs": [
            {
              "name": "out",
              "path": "/nix/store/a6bhf3z81zj9yxb0yiwrdw30z8if9pj4-python3.10-netaddr-0.8.0",
              "default": true
            },
            {
              "name": "dist",
              "path": "/nix/store/2pwgwlfmwmbvawy2z6fk7d01rynv95pq-python3.10-netaddr-0.8.0-dist"
            }
          ],
          "store_path": "/nix/store/a6bhf3z81zj9yxb0yiwrdw30z8if9pj4-python3.10-netaddr-0.8.0"
        }
      }
    },
    "python310Packages.ntplib@0.4.0": {
      "last_modified": "2023-12-13T22:54:10Z",
      "resolved": "github:NixOS/nixpkgs/fd04bea4cbf76f86f244b9e2549fca066db8ddff#python310Packages.ntplib",
      "source": "devbox-search",
      "version": "0.4.0",
      "systems": {
        "aarch64-darwin": {
          "outputs": [
            {
              "name": "out",
              "path": "/nix/store/c48w0lypwj25qkzzmig6lwvz0p3k6vvx-python3.10-ntplib-0.4.0",
              "default": true
            },
            {
              "name": "dist",
              "path": "/nix/store/ar3ilkqpnkvkfmkpiijv8nr3ly44p24g-python3.10-ntplib-0.4.0-dist"
            }
          ],
          "store_path": "/nix/store/c48w0lypwj25qkzzmig6lwvz0p3k6vvx-python3.10-ntplib-0.4.0"
        },
        "aarch64-linux": {
          "outputs": [
            {
              "name": "out",
              "path": "/nix/store/iq76188padgsd6498h941xnxy2md49fc-python3.10-ntplib-0.4.0",
              "default": true
            },
            {
              "name": "dist",
              "path": "/nix/store/cd3j1ynkw4axa3xz522vpcr6cbyys0fj-python3.10-ntplib-0.4.0-dist"
            }
          ],
          "store_path": "/nix/store/iq76188padgsd6498h941xnxy2md49fc-python3.10-ntplib-0.4.0"
        },
        "x86_64-darwin": {
          "outputs": [
            {
              "name": "out",
              "path": "/nix/store/127ksj4a9yk26s4y4g744s6wly44dxlp-python3.10-ntplib-0.4.0",
              "default": true
            },
            {
              "name": "dist",
              "path": "/nix/store/rcc92ch9zx8jsgjs90d7m6cya0b0kz6w-python3.10-ntplib-0.4.0-dist"
            }
          ],
          "store_path": "/nix/store/127ksj4a9yk26s4y4g744s6wly44dxlp-python3.10-ntplib-0.4.0"
        },
        "x86_64-linux": {
          "outputs": [
            {
              "name": "out",
              "path": "/nix/store/rni9rldf03xbry086hapnj2d6715hk88-python3.10-ntplib-0.4.0",
              "default": true
            },
            {
              "name": "dist",
              "path": "/nix/store/bdkw21x6zgyl2y6zwgbkcgdmizpy1j38-python3.10-ntplib-0.4.0-dist"
            }
          ],
          "store_path": "/nix/store/rni9rldf03xbry086hapnj2d6715hk88-python3.10-ntplib-0.4.0"
        }
      }
    },
    "python@3.13.1": {
      "last_modified": "2026-08-12T11:28:58Z",
      "plugin_version": "0.0.5",
      "resolved": "github:NixOS/nixpkgs/044bfe75bfe4c7bbe043dc17b5e42ea823b84a09#python313",
      "source": "devbox-search",
      "version": "3.13.15",
      "systems": {
        "aarch64-darwin": {
          "outputs": [
            {
              "name": "out",
              "path": "/nix/store/8gg2n5r87vsyy8d78n3s90a9r929c14v-python3-3.13.15",
              "default": true
            }
          ],
          "store_path": "/nix/store/8gg2n5r87vsyy8d78n3s90a9r929c14v-python3-3.13.15"
        },
        "aarch64-linux": {
          "outputs": [
            {
              "name": "out",
              "path": "/nix/store/zbmvgni6v5zb58mad6j14zga05wx5k57-python3-3.13.15",
              "default": true
            },
            {
              "name": "debug",
              "path": "/nix/store/1xj7y74r9yim4mh1a27psgl7c8zym9ld-python3-3.13.15-debug"
            }
          ],
          "store_path": "/nix/store/zbmvgni6v5zb58mad6j14zga05wx5k57-python3-3.13.15"
        },
        "x86_64-linux": {
          "outputs": [
            {
              "name": "out",
              "path": "/nix/store/f5bawl7z7w0qzimg659zg5qn7awmzww5-python3-3.13.15",
              "default": true
            },
            {
              "name": "debug",
              "path": "/nix/store/biis6xqr937r0sk9gzs9i8rvfk2zx05z-python3-3.13.15-debug"
            }
          ],
          "store_path": "/nix/store/f5bawl7z7w0qzimg659zg5qn7awmzww5-python3-3.13.15"
        }
      }
    },
    "shellcheck@0.10.0": {
      "last_modified": "2024-11-28T07:51:56Z",
      "resolved": "github:NixOS/nixpkgs/226216574ada4c3ecefcbbec41f39ce4655f78ef#shellcheck",
      "source": "devbox-search",
      "version": "0.10.0",
      "systems": {
        "aarch64-darwin": {
          "outputs": [
            {
              "name": "bin",
              "path": "/nix/store/vbk29hlm6366ypf7sjpmhqfq77fci4hk-shellcheck-0.10.0-bin",
              "default": true
            },
            {
              "name": "man",
              "path": "/nix/store/9y8j1pjnbm4x63jfwr2457ari50bcwkq-shellcheck-0.10.0-man",
              "default": true
            },
            {
              "name": "doc",
              "path": "/nix/store/r2h67i2vlh2z3i6a95a6cq7aga8n5lai-shellcheck-0.10.0-doc",
              "default": true
            },
            {
              "name": "out",
              "path": "/nix/store/mppnnmgsnvl7hy2day2cpbb3synwnvz9-shellcheck-0.10.0"
            }
          ],
          "store_path": "/nix/store/vbk29hlm6366ypf7sjpmhqfq77fci4hk-shellcheck-0.10.0-bin"
        },
        "aarch64-linux": {
          "outputs": [
            {
              "name": "bin",
              "path": "/nix/store/k70kq24labhf2r54xj8jsvs3kqm6lwxp-shellcheck-0.10.0-bin",
              "default": true
            },
            {
              "name": "man",
              "path": "/nix/store/7pd0kr8a8xqz1wh2l1swk9wckf6v40c1-shellcheck-0.10.0-man",
              "default": true
            },
            {
              "name": "doc",
              "path": "/nix/store/hwgj8c8y279zrvf2mnspcndp6dp9z1x7-shellcheck-0.10.0-doc",
              "default": true
            },
            {
              "name": "out",
              "path": "/nix/store/rp0p9h4svwz890wmdm3afdl8655rg1m4-shellcheck-0.10.0"
            }
          ],
          "store_path": "/nix/store/k70kq24labhf2r54xj8jsvs3kqm6lwxp-shellcheck-0.10.0-bin"
        },
        "x86_64-darwin": {
          "outputs": [
            {
              "name": "bin",
              "path": "/nix/store/dflfkn5aiywxikdqb524lbk7qa51c7vn-shellcheck-0.10.0-bin",
              "default": true
            },
            {
              "name": "man",
              "path": "/nix/store/azgfvnl4f4cri68ns1j7k3642bl103i7-shellcheck-0.10.0-man",
              "default": true
            },
            {
              "name": "doc",
              "path": "/nix/store/ry5kz9ln9r7lyv5qhv39d3gfr5fl6qkp-shellcheck-0.10.0-doc",
              "default": true
            },
            {
              "name": "out",
              "path": "/nix/store/pp1bmvzn76lkg4xk4rxww2i6bnqz7bva-shellcheck-0.10.0"
            }
          ],
          "store_path": "/nix/store/dflfkn5aiywxikdqb524lbk7qa51c7vn-shellcheck-0.10.0-bin"
        },
        "x86_64-linux": {
          "outputs": [
            {
              "name": "bin",
              "path": "/nix/store/dkssi8wkf0yg2x0lpmafi49crmyxraix-shellcheck-0.10.0-bin",
              "default": true
            },
            {
              "name": "man",
              "path": "/nix/store/nkp960f3ialydb6jvw8ac7l44lkw68by-shellcheck-0.10.0-man",
              "default": true
            },
            {
              "name": "doc",
              "path": "/nix/store/aikkw4sxmdi6n3nlgrl6gq5415w0dpam-shellcheck-0.10.0-doc",
              "default": true
            },
            {
              "name": "out",
              "path": "/nix/store/zchhiq4nzmqnlcdwac35d8l951f34776-shellcheck-0.10.0"
            }
          ],
          "store_path": "/nix/store/dkssi8wkf0yg2x0lpmafi49crmyxraix-shellcheck-0.10.0-bin"
        }
      }
    },
    "stern@1.31.0": {
      "last_modified": "2024-11-28T07:51:56Z",
      "resolved": "github:NixOS/nixpkgs/226216574ada4c3ecefcbbec41f39ce4655f78ef#stern",
      "source": "devbox-search",
      "version": "1.31.0",
      "systems": {
        "aarch64-darwin": {
          "outputs": [
            {
              "name": "out",
              "path": "/nix/store/py41dv0bwk3ipwiz80kqqx7i06ip77dv-stern-1.31.0",
              "default": true
            }
          ],
          "store_path": "/nix/store/py41dv0bwk3ipwiz80kqqx7i06ip77dv-stern-1.31.0"
        },
        "aarch64-linux": {
          "outputs": [
            {
              "name": "out",
              "path": "/nix/store/cxrh6ka5rlqa0hlvnx2bnymdxlvfg9yp-stern-1.31.0",
              "default": true
            }
          ],
          "store_path": "/nix/store/cxrh6ka5rlqa0hlvnx2bnymdxlvfg9yp-stern-1.31.0"
        },
        "x86_64-darwin": {
          "outputs": [
            {
              "name": "out",
              "path": "/nix/store/srmyb0vj1v1705mrgcwhqx1gxnsadlhd-stern-1.31.0",
              "default": true
            }
          ],
          "store_path": "/nix/store/srmyb0vj1v1705mrgcwhqx1gxnsadlhd-stern-1.31.0"
        },
        "x86_64-linux": {
          "outputs": [
            {
              "name": "out",
              "path": "/nix/store/w3cbi98ghpp03yyd0mjcmi53h3l8ssd8-stern-1.31.0",
              "default": true
            }
          ],
          "store_path": "/nix/store/w3cbi98ghpp03yyd0mjcmi53h3l8ssd8-stern-1.31.0"
        }
      }
    },
    "talosctl@1.9.3": {
      "last_modified": "2025-02-07T11:26:36Z",
      "resolved": "github:NixOS/nixpkgs/d98abf5cf5914e5e4e9d57205e3af55ca90ffc1d#talosctl",
      "source": "devbox-search",
      "version": "1.9.3",
      "systems": {
        "aarch64-darwin": {
          "outputs": [
            {
              "name": "out",
              "path": "/nix/store/ls23i67qc9dic4pm720mqrlpn3nfc2i7-talosctl-1.9.3",
              "default": true
            }
          ],
          "store_path": "/nix/store/ls23i67qc9dic4pm720mqrlpn3nfc2i7-talosctl-1.9.3"
        },
        "aarch64-linux": {
          "outputs": [
            {
              "name": "out",
              "path": "/nix/store/7cm6zzl6ly2rzmhx0xm3n667qai88yg7-talosctl-1.9.3",
              "default": true
            }
          ],
          "store_path": "/nix/store/7cm6zzl6ly2rzmhx0xm3n667qai88yg7-talosctl-1.9.3"
        },
        "x86_64-darwin": {
          "outputs": [
            {
              "name": "out",
              "path": "/nix/store/j26d4a698bf391f3x6av4b5byp65812w-talosctl-1.9.3",
              "default": true
            }
          ],
          "store_path": "/nix/store/j26d4a698bf391f3x6av4b5byp65812w-talosctl-1.9.3"
        },
        "x86_64-linux": {
          "outputs": [
            {
              "name": "out",
              "path": "/nix/store/43l4y22fp498zwycjfa31wi89cvf7s8x-talosctl-1.9.3",
              "default": true
            }
          ],
          "store_path": "/nix/store/43l4y22fp498zwycjfa31wi89cvf7s8x-talosctl-1.9.3"
        }
      }
    },
    "uv@0.5.26": {
      "last_modified": "2025-02-01T06:33:04Z",
      "resolved": "github:NixOS/nixpkgs/047ebac174c408d6e5428b1865478893001276c5#uv",
      "source": "devbox-search",
      "version": "0.5.26",
      "systems": {
        "aarch64-darwin": {
          "outputs": [
            {
              "name": "out",
              "path": "/nix/store/4giw6h7408lzbgih6vizmg0a9s7j35yx-uv-0.5.26",
              "default": true
            }
          ],
          "store_path": "/nix/store/4giw6h7408lzbgih6vizmg0a9s7j35yx-uv-0.5.26"
        },
        "aarch64-linux": {
          "outputs": [
            {
              "name": "out",
              "path": "/nix/store/q6bb62kzwrsixpc1girikp5rm6s29fsz-uv-0.5.26",
              "default": true
            }
          ],
          "store_path": "/nix/store/q6bb62kzwrsixpc1girikp5rm6s29fsz-uv-0.5.26"
        },
        "x86_64-darwin": {
          "outputs": [
            {
              "name": "out",
              "path": "/nix/store/12bsxh950jsdlzdifb37zix3j22j8kyz-uv-0.5.26",
              "default": true
            }
          ],
          "store_path": "/nix/store/12bsxh950jsdlzdifb37zix3j22j8kyz-uv-0.5.26"
        },
        "x86_64-linux": {
          "outputs": [
            {
              "name": "out",
              "path": "/nix/store/vkgi7chxfj6ynbbl1q96k4r8d6sng0np-uv-0.5.26",
              "default": true
            }
          ],
          "store_path": "/nix/store/vkgi7chxfj6ynbbl1q96k4r8d6sng0np-uv-0.5.26"
        }
      }
    },
    "yq-go@4.45.1": {
      "last_modified": "2025-01-13T08:04:02Z",
      "resolved": "github:NixOS/nixpkgs/ef56e777fedaa4da8c66a150081523c5de1e0171#yq-go",
      "source": "devbox-search",
      "version": "4.45.1",
      "systems": {
        "aarch64-darwin": {
          "outputs": [
            {
              "name": "out",
              "path": "/nix/store/m3l62wcsg1bfcl65kqkjx5pp67hnsd6i-yq-go-4.45.1",
              "default": true
            }
          ],
          "store_path": "/nix/store/m3l62wcsg1bfcl65kqkjx5pp67hnsd6i-yq-go-4.45.1"
        },
        "aarch64-linux": {
          "outputs": [
            {
              "name": "out",
              "path": "/nix/store/j11fbdvw9pvdscfjcrrq81gw7xmy3fqy-yq-go-4.45.1",
              "default": true
            }
          ],
          "store_path": "/nix/store/j11fbdvw9pvdscfjcrrq81gw7xmy3fqy-yq-go-4.45.1"
        },
        "x86_64-darwin": {
          "outputs": [
            {
              "name": "out",
              "path": "/nix/store/v3frj7y599qhn3r7x2i4x0j737wpy3bj-yq-go-4.45.1",
              "default": true
            }
          ],
          "store_path": "/nix/store/v3frj7y599qhn3r7x2i4x0j737wpy3bj-yq-go-4.45.1"
        },
        "x86_64-linux": {
          "outputs": [
            {
              "name": "out",
              "path": "/nix/store/y2j2zi09w6r4w8dp65pahkgdsqap1kln-yq-go-4.45.1",
              "default": true
            }
          ],
          "store_path": "/nix/store/y2j2zi09w6r4w8dp65pahkgdsqap1kln-yq-go-4.45.1"
        }
      }
    }
  }
}
