{
  "lockfile_version": "1",
  "packages": {
    "cloudflared@2024.12.2": {
      "last_modified": "2025-01-04T17:00:17Z",
      "resolved": "github:NixOS/nixpkgs/a1945f760a8fe019a4d753808de424dcd4e5b3cf#cloudflared",
      "source": "devbox-search",
      "version": "2024.12.2",
      "systems": {
        "aarch64-darwin": {
          "outputs": [
            {
              "name": "out",
              "path": "/nix/store/q4yfxjkhlv3md2379wr93mraabiv95hj-cloudflared-2024.12.2",
              "default": true
            }
          ],
          "store_path": "/nix/store/q4yfxjkhlv3md2379wr93mraabiv95hj-cloudflared-2024.12.2"
        },
        "aarch64-linux": {
          "outputs": [
            {
              "name": "out",
              "path": "/nix/store/2cp58g1nclpcd0xdhm0wznkkgaz8hhsb-cloudflared-2024.12.2",
              "default": true
            }
          ],
          "store_path": "/nix/store/2cp58g1nclpcd0xdhm0wznkkgaz8hhsb-cloudflared-2024.12.2"
        },
        "x86_64-darwin": {
          "outputs": [
            {
              "name": "out",
              "path": "/nix/store/55zwxypnw0dadxqzbw6slvjli9cdm334-cloudflared-2024.12.2",
              "default": true
            }
          ],
          "store_path": "/nix/store/55zwxypnw0dadxqzbw6slvjli9cdm334-cloudflared-2024.12.2"
        },
        "x86_64-linux": {
          "outputs": [
            {
              "name": "out",
              "path": "/nix/store/0h33hl7md01llry7sama2g96swz9sch9-cloudflared-2024.12.2",
              "default": true
            }
          ],
          "store_path": "/nix/store/0h33hl7md01llry7sama2g96swz9sch9-cloudflared-2024.12.2"
        }
      }
    },
    "fluxcd@2.4.0": {
      "last_modified": "2024-11-28T07:51:56Z",
      "resolved": "github:NixOS/nixpkgs/226216574ada4c3ecefcbbec41f39ce4655f78ef#fluxcd",
      "source": "devbox-search",
      "version": "2.4.0",
      "systems": {
        "aarch64-darwin": {
          "outputs": [
            {
              "name": "out",
              "path": "/nix/store/yhi5qzr3g60v3x88p5319hzcc5bx2fsc-fluxcd-2.4.0",
              "default": true
            }
          ],
          "store_path": "/nix/store/yhi5qzr3g60v3x88p5319hzcc5bx2fsc-fluxcd-2.4.0"
        },
        "aarch64-linux": {
          "outputs": [
            {
              "name": "out",
              "path": "/nix/store/xwplpfpfwiyklx1l1q24ppa2xykc155l-fluxcd-2.4.0",
              "default": true
            }
          ],
          "store_path": "/nix/store/xwplpfpfwiyklx1l1q24ppa2xykc155l-fluxcd-2.4.0"
        },
        "x86_64-darwin": {
          "outputs": [
            {
              "name": "out",
              "path": "/nix/store/y3ig2irlgwnk358h5clk9nf8af8px4hc-fluxcd-2.4.0",
              "default": true
            }
          ],
          "store_path": "/nix/store/y3ig2irlgwnk358h5clk9nf8af8px4hc-fluxcd-2.4.0"
        },
        "x86_64-linux": {
          "outputs": [
            {
              "name": "out",
              "path": "/nix/store/1f5dm7fxm0z51mxdjpab7yqlppqi9b8k-fluxcd-2.4.0",
              "default": true
            }
          ],
          "store_path": "/nix/store/1f5dm7fxm0z51mxdjpab7yqlppqi9b8k-fluxcd-2.4.0"
        }
      }
    },
    "go-task@3.40.1": {
      "last_modified": "2025-01-14T09:56:28Z",
      "resolved": "github:NixOS/nixpkgs/357cd3dfdb8993af11268d755d53357720675e66#go-task",
      "source": "devbox-search",
      "version": "3.40.1",
      "systems": {
        "aarch64-darwin": {
          "outputs": [
            {
              "name": "out",
              "path": "/nix/store/aixfgx140ck769fgd62w2jn6zr0rpjap-go-task-3.40.1",
              "default": true
            }
          ],
          "store_path": "/nix/store/aixfgx140ck769fgd62w2jn6zr0rpjap-go-task-3.40.1"
        },
        "aarch64-linux": {
          "outputs": [
            {
              "name": "out",
              "path": "/nix/store/221dfg78szgn8sy0schr2yrxi0ksg7az-go-task-3.40.1",
              "default": true
            }
          ],
          "store_path": "/nix/store/221dfg78szgn8sy0schr2yrxi0ksg7az-go-task-3.40.1"
        },
        "x86_64-darwin": {
          "outputs": [
            {
              "name": "out",
              "path": "/nix/store/yrfn4jmxsw16ngmgxslff18nrf7h1xy5-go-task-3.40.1",
              "default": true
            }
          ],
          "store_path": "/nix/store/yrfn4jmxsw16ngmgxslff18nrf7h1xy5-go-task-3.40.1"
        },
        "x86_64-linux": {
          "outputs": [
            {
              "name": "out",
              "path": "/nix/store/66bmnhrlh62vxflw0siz8s7i5pff7i7j-go-task-3.40.1",
              "default": true
            }
          ],
          "store_path": "/nix/store/66bmnhrlh62vxflw0siz8s7i5pff7i7j-go-task-3.40.1"
        }
      }
    },
    "helmfile@0.169.2": {
      "last_modified": "2024-12-23T21:10:33Z",
      "resolved": "github:NixOS/nixpkgs/de1864217bfa9b5845f465e771e0ecb48b30e02d#helmfile",
      "source": "devbox-search",
      "version": "0.169.2",
      "systems": {
        "aarch64-darwin": {
          "outputs": [
            {
              "name": "out",
              "path": "/nix/store/5av97q946vm57pbz21420hm8f8fm02nl-helmfile-0.169.2",
              "default": true
            }
          ],
          "store_path": "/nix/store/5av97q946vm57pbz21420hm8f8fm02nl-helmfile-0.169.2"
        },
        "aarch64-linux": {
          "outputs": [
            {
              "name": "out",
              "path": "/nix/store/dd37zh6p2vihfzx7szzx66a6icvixz9f-helmfile-0.169.2",
              "default": true
            }
          ],
          "store_path": "/nix/store/dd37zh6p2vihfzx7szzx66a6icvixz9f-helmfile-0.169.2"
        },
        "x86_64-darwin": {
          "outputs": [
            {
              "name": "out",
              "path": "/nix/store/m9c7pvr91hz7vf9ljhfxrwsr1vxm6lym-helmfile-0.169.2",
              "default": true
            }
          ],
          "store_path": "/nix/store/m9c7pvr91hz7vf9ljhfxrwsr1vxm6lym-helmfile-0.169.2"
        },
        "x86_64-linux": {
          "outputs": [
            {
              "name": "out",
              "path": "/nix/store/z0rqfkcpglc8jxdmcl2k26pv6ax34wmg-helmfile-0.169.2",
              "default": true
            }
          ],
          "store_path": "/nix/store/z0rqfkcpglc8jxdmcl2k26pv6ax34wmg-helmfile-0.169.2"
        }
      }
    },
    "jq@1.7.1": {
      "last_modified": "2024-12-01T03:48:48Z",
      "resolved": "github:NixOS/nixpkgs/2c27ab2e60502d1ebb7cf38909de38663f762a79#jq",
      "source": "devbox-search",
      "version": "1.7.1",
      "systems": {
        "aarch64-darwin": {
          "outputs": [
            {
              "name": "bin",
              "path": "/nix/store/1ayrnq8zpljx4m3kvgfs6kqv9vrm6zik-jq-1.7.1-bin",
              "default": true
            },
            {
              "name": "man",
              "path": "/nix/store/fy9h4wlb4a8r34jrqif25n2i24vaw9x2-jq-1.7.1-man",
              "default": true
            },
            {
              "name": "dev",
              "path": "/nix/store/05c8mk6qnrxgyazs2acg3816h57lvsvb-jq-1.7.1-dev"
            },
            {
              "name": "doc",
              "path": "/nix/store/zm4966xz8nyp9nzkn6ghhzh8hcw87bmv-jq-1.7.1-doc"
            },
            {
              "name": "out",
              "path": "/nix/store/1ldq0nn6gjpxqjxihzdd7vlppmxvmpxn-jq-1.7.1"
            }
          ],
          "store_path": "/nix/store/1ayrnq8zpljx4m3kvgfs6kqv9vrm6zik-jq-1.7.1-bin"
        },
        "aarch64-linux": {
          "outputs": [
            {
              "name": "bin",
              "path": "/nix/store/pixiqvakc6rxc10qfpy2w4dsgnmsdayv-jq-1.7.1-bin",
              "default": true
            },
            {
              "name": "man",
              "path": "/nix/store/fgjncriv2sc52b8lwm5kzabkq26kirvk-jq-1.7.1-man",
              "default": true
            },
            {
              "name": "dev",
              "path": "/nix/store/gn12vqlhg68r5gwsacsiksqm6255nl3s-jq-1.7.1-dev"
            },
            {
              "name": "doc",
              "path": "/nix/store/v8cvxadadrrvi8as046wiyzb96xvih19-jq-1.7.1-doc"
            },
            {
              "name": "out",
              "path": "/nix/store/5xm3x3a9jaq9fy4jrg44rk7b6hl9sgbv-jq-1.7.1"
            }
          ],
          "store_path": "/nix/store/pixiqvakc6rxc10qfpy2w4dsgnmsdayv-jq-1.7.1-bin"
        },
        "x86_64-darwin": {
          "outputs": [
            {
              "name": "bin",
              "path": "/nix/store/g6m0ggpijkm26ygd8vvhyd07sgriz26j-jq-1.7.1-bin",
              "default": true
            },
            {
              "name": "man",
              "path": "/nix/store/gr5mmlwr3y511brhq7nihbyixjhcn80k-jq-1.7.1-man",
              "default": true
            },
            {
              "name": "out",
              "path": "/nix/store/ganc2d577ffr1h3qcvxln1d5gn6z3m83-jq-1.7.1"
            },
            {
              "name": "dev",
              "path": "/nix/store/cybp745j7fvdnxkf9889wiscn9cgbwjp-jq-1.7.1-dev"
            },
            {
              "name": "doc",
              "path": "/nix/store/0yhbxjsrbh7g6x7ngfc1qg6q613qbqhp-jq-1.7.1-doc"
            }
          ],
          "store_path": "/nix/store/g6m0ggpijkm26ygd8vvhyd07sgriz26j-jq-1.7.1-bin"
        },
        "x86_64-linux": {
          "outputs": [
            {
              "name": "bin",
              "path": "/nix/store/75q9nlm0zn7cg6w151cc4mkqqk0mwaxa-jq-1.7.1-bin",
              "default": true
            },
            {
              "name": "man",
              "path": "/nix/store/3wwkjcpxyrryfb1dbxjp82kj8g8jaxzw-jq-1.7.1-man",
              "default": true
            },
            {
              "name": "out",
              "path": "/nix/store/cpzlrkcbp2s87aya4hfxigj6a68m6yzz-jq-1.7.1"
            },
            {
              "name": "dev",
              "path": "/nix/store/f5y04jklz034w0y55bnqhcfnd271spwa-jq-1.7.1-dev"
            },
            {
              "name": "doc",
              "path": "/nix/store/j0i0bzx90l10l3vxdwj29xjji1avp15a-jq-1.7.1-doc"
            }
          ],
          "store_path": "/nix/store/75q9nlm0zn7cg6w151cc4mkqqk0mwaxa-jq-1.7.1-bin"
        }
      }
    },
    "k9s@0.32.7": {
      "last_modified": "2024-12-23T21:10:33Z",
      "resolved": "github:NixOS/nixpkgs/de1864217bfa9b5845f465e771e0ecb48b30e02d#k9s",
      "source": "devbox-search",
      "version": "0.32.7",
      "systems": {
        "aarch64-darwin": {
          "outputs": [
            {
              "name": "out",
              "path": "/nix/store/j34ib6fncah841fs9f735jydwl9mgrcq-k9s-0.32.7",
              "default": true
            }
          ],
          "store_path": "/nix/store/j34ib6fncah841fs9f735jydwl9mgrcq-k9s-0.32.7"
        },
        "aarch64-linux": {
          "outputs": [
            {
              "name": "out",
              "path": "/nix/store/0dzcr6jpjyr94rvc05lvpyh3aq0ispbw-k9s-0.32.7",
              "default": true
            }
          ],
          "store_path": "/nix/store/0dzcr6jpjyr94rvc05lvpyh3aq0ispbw-k9s-0.32.7"
        },
        "x86_64-darwin": {
          "outputs": [
            {
              "name": "out",
              "path": "/nix/store/fnxpjszlgh4g25jl96xxcm0wxd0n7h0i-k9s-0.32.7",
              "default": true
            }
          ],
          "store_path": "/nix/store/fnxpjszlgh4g25jl96xxcm0wxd0n7h0i-k9s-0.32.7"
        },
        "x86_64-linux": {
          "outputs": [
            {
              "name": "out",
              "path": "/nix/store/acfv4993hw202l9zrrmgrjf3bk7imaym-k9s-0.32.7",
              "default": true
            }
          ],
          "store_path": "/nix/store/acfv4993hw202l9zrrmgrjf3bk7imaym-k9s-0.32.7"
        }
      }
    },
    "kubeconform@0.6.7": {
      "last_modified": "2024-11-28T07:51:56Z",
      "resolved": "github:NixOS/nixpkgs/226216574ada4c3ecefcbbec41f39ce4655f78ef#kubeconform",
      "source": "devbox-search",
      "version": "0.6.7",
      "systems": {
        "aarch64-darwin": {
          "outputs": [
            {
              "name": "out",
              "path": "/nix/store/xv9qkp28fm42pvvarmvjf8i7lv390wk4-kubeconform-0.6.7",
              "default": true
            }
          ],
          "store_path": "/nix/store/xv9qkp28fm42pvvarmvjf8i7lv390wk4-kubeconform-0.6.7"
        },
        "aarch64-linux": {
          "outputs": [
            {
              "name": "out",
              "path": "/nix/store/7kd7wsdhch5p4x7pzjz08i9mg4gyqd19-kubeconform-0.6.7",
              "default": true
            }
          ],
          "store_path": "/nix/store/7kd7wsdhch5p4x7pzjz08i9mg4gyqd19-kubeconform-0.6.7"
        },
        "x86_64-darwin": {
          "outputs": [
            {
              "name": "out",
              "path": "/nix/store/dr4c5ma8ivrdvynl5iyvmxr2n95h9l43-kubeconform-0.6.7",
              "default": true
            }
          ],
          "store_path": "/nix/store/dr4c5ma8ivrdvynl5iyvmxr2n95h9l43-kubeconform-0.6.7"
        },
        "x86_64-linux": {
          "outputs": [
            {
              "name": "out",
              "path": "/nix/store/6np3qshnbmcb2l1vhglf05p3m8fab71b-kubeconform-0.6.7",
              "default": true
            }
          ],
          "store_path": "/nix/store/6np3qshnbmcb2l1vhglf05p3m8fab71b-kubeconform-0.6.7"
        }
      }
    },
    "kubectl@1.32.0": {
      "last_modified": "2025-01-14T19:01:50Z",
      "resolved": "github:NixOS/nixpkgs/733994ea06585b76621073160e87b0bfac7fc5ae#kubectl",
      "source": "devbox-search",
      "version": "1.32.0",
      "systems": {
        "aarch64-darwin": {
          "outputs": [
            {
              "name": "out",
              "path": "/nix/store/qgxy10s834jakqjgg6ga6xbc7x5rajzc-kubectl-1.32.0",
              "default": true
            },
            {
              "name": "man",
              "path": "/nix/store/s3ha1cd7rflkgs5d513p917h8vj027gx-kubectl-1.32.0-man",
              "default": true
            },
            {
              "name": "convert",
              "path": "/nix/store/0cwwpgglwf2cij6qyyd1krgavfhnhqaj-kubectl-1.32.0-convert"
            }
          ],
          "store_path": "/nix/store/qgxy10s834jakqjgg6ga6xbc7x5rajzc-kubectl-1.32.0"
        },
        "aarch64-linux": {
          "outputs": [
            {
              "name": "out",
              "path": "/nix/store/ffy4i3cpbk5lafri7b32y7j0siad64li-kubectl-1.32.0",
              "default": true
            },
            {
              "name": "man",
              "path": "/nix/store/i89pic6i7rmjp0aa0vjksv4qhfz7gv5f-kubectl-1.32.0-man",
              "default": true
            },
            {
              "name": "convert",
              "path": "/nix/store/68psqc7xjwvrma9cyvqvhc3f9dkjzxzd-kubectl-1.32.0-convert"
            }
          ],
          "store_path": "/nix/store/ffy4i3cpbk5lafri7b32y7j0siad64li-kubectl-1.32.0"
        },
        "x86_64-darwin": {
          "outputs": [
            {
              "name": "out",
              "path": "/nix/store/8p49qx0iy2ds2irxnd6q4k5bj0xvj2ia-kubectl-1.32.0",
              "default": true
            },
            {
              "name": "man",
              "path": "/nix/store/ip3wc7x7f17fzn0130jld578nykkqqly-kubectl-1.32.0-man",
              "default": true
            },
            {
              "name": "convert",
              "path": "/nix/store/27dbhbq7zzpas2shar9zl688hhsrppbh-kubectl-1.32.0-convert"
            }
          ],
          "store_path": "/nix/store/8p49qx0iy2ds2irxnd6q4k5bj0xvj2ia-kubectl-1.32.0"
        },
        "x86_64-linux": {
          "outputs": [
            {
              "name": "out",
              "path": "/nix/store/qfyghw387ap8rrs65s7p33r48sn33wyr-kubectl-1.32.0",
              "default": true
            },
            {
              "name": "man",
              "path": "/nix/store/lpm6gmzgc1p1bpbdaw8s8lg42jzjfqfn-kubectl-1.32.0-man",
              "default": true
            },
            {
              "name": "convert",
              "path": "/nix/store/pqsbdbyli94j8x7nyf23rnc1d89a2lcd-kubectl-1.32.0-convert"
            }
          ],
          "store_path": "/nix/store/qfyghw387ap8rrs65s7p33r48sn33wyr-kubectl-1.32.0"
        }
      }
    },
    "kubernetes-helm@3.16.4": {
      "last_modified": "2024-12-23T21:10:33Z",
      "resolved": "github:NixOS/nixpkgs/de1864217bfa9b5845f465e771e0ecb48b30e02d#kubernetes-helm",
      "source": "devbox-search",
      "version": "3.16.4",
      "systems": {
        "aarch64-darwin": {
          "outputs": [
            {
              "name": "out",
              "path": "/nix/store/ldyw27qinlywajskcgp06b0vxqi3j7sw-kubernetes-helm-3.16.4",
              "default": true
            }
          ],
          "store_path": "/nix/store/ldyw27qinlywajskcgp06b0vxqi3j7sw-kubernetes-helm-3.16.4"
        },
        "aarch64-linux": {
          "outputs": [
            {
              "name": "out",
              "path": "/nix/store/lpjy11ccpalk012sbfjxzdgvlbv722a3-kubernetes-helm-3.16.4",
              "default": true
            }
          ],
          "store_path": "/nix/store/lpjy11ccpalk012sbfjxzdgvlbv722a3-kubernetes-helm-3.16.4"
        },
        "x86_64-darwin": {
          "outputs": [
            {
              "name": "out",
              "path": "/nix/store/f1141pdh3jzcjx033s0w1h00w21vnlwq-kubernetes-helm-3.16.4",
              "default": true
            }
          ],
          "store_path": "/nix/store/f1141pdh3jzcjx033s0w1h00w21vnlwq-kubernetes-helm-3.16.4"
        },
        "x86_64-linux": {
          "outputs": [
            {
              "name": "out",
              "path": "/nix/store/smn3ia62s9svrh2sy8sasl8sgkjcylsp-kubernetes-helm-3.16.4",
              "default": true
            }
          ],
          "store_path": "/nix/store/smn3ia62s9svrh2sy8sasl8sgkjcylsp-kubernetes-helm-3.16.4"
        }
      }
    },
    "kustomize@5.6.0": {
      "last_modified": "2025-01-16T05:04:52Z",
      "resolved": "github:NixOS/nixpkgs/ae06b9c2d83cb5c8b12d7d0e32692e93d1379713#kustomize",
      "source": "devbox-search",
      "version": "5.6.0",
      "systems": {
        "aarch64-darwin": {
          "outputs": [
            {
              "name": "out",
              "path": "/nix/store/zww585i9ikry297h1nwpd3dhk4g3588z-kustomize-5.6.0",
              "default": true
            }
          ],
          "store_path": "/nix/store/zww585i9ikry297h1nwpd3dhk4g3588z-kustomize-5.6.0"
        },
        "aarch64-linux": {
          "outputs": [
            {
              "name": "out",
              "path": "/nix/store/mngd0x0m4nybs6dpll73cfmkqb1f4x94-kustomize-5.6.0",
              "default": true
            }
          ],
          "store_path": "/nix/store/mngd0x0m4nybs6dpll73cfmkqb1f4x94-kustomize-5.6.0"
        },
        "x86_64-darwin": {
          "outputs": [
            {
              "name": "out",
              "path": "/nix/store/9ai7av3lz2s0racs3xv14yzz36iywkmq-kustomize-5.6.0",
              "default": true
            }
          ],
          "store_path": "/nix/store/9ai7av3lz2s0racs3xv14yzz36iywkmq-kustomize-5.6.0"
        },
        "x86_64-linux": {
          "outputs": [
            {
              "name": "out",
              "path": "/nix/store/5lix8hq9a6cw9bh7g3bc21nrlfzn7afm-kustomize-5.6.0",
              "default": true
            }
          ],
          "store_path": "/nix/store/5lix8hq9a6cw9bh7g3bc21nrlfzn7afm-kustomize-5.6.0"
        }
      }
    },
    "makejinja@2.7.2": {
      "last_modified": "2024-12-30T01:48:12Z",
      "resolved": "github:NixOS/nixpkgs/6d97d419e5a9b36e6293887a89a078cf85f5a61b#makejinja",
      "source": "devbox-search",
      "version": "2.7.2",
      "systems": {
        "aarch64-darwin": {
          "outputs": [
            {
              "name": "out",
              "path": "/nix/store/957kc7dk90fcw1bpp53cx8cpw35ayxcb-makejinja-2.7.2",
              "default": true
            },
            {
              "name": "dist",
              "path": "/nix/store/hrvz6gka8l9dbhi8fgjs71fdm2jwjdxc-makejinja-2.7.2-dist"
            }
          ],
          "store_path": "/nix/store/957kc7dk90fcw1bpp53cx8cpw35ayxcb-makejinja-2.7.2"
        },
        "aarch64-linux": {
          "outputs": [
            {
              "name": "out",
              "path": "/nix/store/cnbcmb2r8v0hn3qlf5vl9vvvhwkdixb0-makejinja-2.7.2",
              "default": true
            },
            {
              "name": "dist",
              "path": "/nix/store/nsi591yiqnwjhi63698fh8dhf1dk8r09-makejinja-2.7.2-dist"
            }
          ],
          "store_path": "/nix/store/cnbcmb2r8v0hn3qlf5vl9vvvhwkdixb0-makejinja-2.7.2"
        },
        "x86_64-darwin": {
          "outputs": [
            {
              "name": "out",
              "path": "/nix/store/0mcrvjlwrxv5jah3xayc3s6pw5n41kvv-makejinja-2.7.2",
              "default": true
            },
            {
              "name": "dist",
              "path": "/nix/store/yimd5bw9f6n0qfms53j8ww9vnh1rnypb-makejinja-2.7.2-dist"
            }
          ],
          "store_path": "/nix/store/0mcrvjlwrxv5jah3xayc3s6pw5n41kvv-makejinja-2.7.2"
        },
        "x86_64-linux": {
          "outputs": [
            {
              "name": "out",
              "path": "/nix/store/2992r8f9rrb1hqbblnvck3psgcj12mcv-makejinja-2.7.2",
              "default": true
            },
            {
              "name": "dist",
              "path": "/nix/store/6ifg10cvlxw72skxd7vf9w9p7lx9a2h8-makejinja-2.7.2-dist"
            }
          ],
          "store_path": "/nix/store/2992r8f9rrb1hqbblnvck3psgcj12mcv-makejinja-2.7.2"
        }
      }
    },
    "moreutils@0.70": {
      "last_modified": "2024-12-23T21:10:33Z",
      "resolved": "github:NixOS/nixpkgs/de1864217bfa9b5845f465e771e0ecb48b30e02d#moreutils",
      "source": "devbox-search",
      "version": "0.70",
      "systems": {
        "aarch64-darwin": {
          "outputs": [
            {
              "name": "out",
              "path": "/nix/store/vmym13fydbqhylsb5ia7jvm38g5ghx3a-moreutils-0.70",
              "default": true
            }
          ],
          "store_path": "/nix/store/vmym13fydbqhylsb5ia7jvm38g5ghx3a-moreutils-0.70"
        },
        "aarch64-linux": {
          "outputs": [
            {
              "name": "out",
              "path": "/nix/store/16wrhbn0vl7z9kk37gw2pb1qc0rdjm5j-moreutils-0.70",
              "default": true
            }
          ],
          "store_path": "/nix/store/16wrhbn0vl7z9kk37gw2pb1qc0rdjm5j-moreutils-0.70"
        },
        "x86_64-darwin": {
          "outputs": [
            {
              "name": "out",
              "path": "/nix/store/gzhm22xd12d82b8sgx50vj8f71n0zm5l-moreutils-0.70",
              "default": true
            }
          ],
          "store_path": "/nix/store/gzhm22xd12d82b8sgx50vj8f71n0zm5l-moreutils-0.70"
        },
        "x86_64-linux": {
          "outputs": [
            {
              "name": "out",
              "path": "/nix/store/bcnzkmyrlhx50b2vdqhp7inhnjq6d0g3-moreutils-0.70",
              "default": true
            }
          ],
          "store_path": "/nix/store/bcnzkmyrlhx50b2vdqhp7inhnjq6d0g3-moreutils-0.70"
        }
      }
    },
    "nodejs@23.2.0": {
      "last_modified": "2024-12-03T12:40:06Z",
      "plugin_version": "0.0.2",
      "resolved": "github:NixOS/nixpkgs/566e53c2ad750c84f6d31f9ccb9d00f823165550#nodejs_23",
      "source": "devbox-search",
      "version": "23.2.0",
      "systems": {
        "aarch64-darwin": {
          "outputs": [
            {
              "name": "out",
              "path": "/nix/store/xbz3pad3cn3kcm284k98mk1bdkjxdhcq-nodejs-23.2.0",
              "default": true
            },
            {
              "name": "libv8",
              "path": "/nix/store/grlg33az4h9dgqzb4hdz4xpydvspqlk1-nodejs-23.2.0-libv8"
            }
          ],
          "store_path": "/nix/store/xbz3pad3cn3kcm284k98mk1bdkjxdhcq-nodejs-23.2.0"
        },
        "aarch64-linux": {
          "outputs": [
            {
              "name": "out",
              "path": "/nix/store/p4845y5infyxnscwq5xwwisv684gy3rh-nodejs-23.2.0",
              "default": true
            },
            {
              "name": "libv8",
              "path": "/nix/store/rvw0r6fbk8jr1gja8245ip31vkbjzdn8-nodejs-23.2.0-libv8"
            }
          ],
          "store_path": "/nix/store/p4845y5infyxnscwq5xwwisv684gy3rh-nodejs-23.2.0"
        },
        "x86_64-darwin": {
          "outputs": [
            {
              "name": "out",
              "path": "/nix/store/arw5b6s4sl9af7zcvpjs41qnl24xi80x-nodejs-23.2.0",
              "default": true
            },
            {
              "name": "libv8",
              "path": "/nix/store/fbyf3510n96ph7liws525zx617jkcvf0-nodejs-23.2.0-libv8"
            }
          ],
          "store_path": "/nix/store/arw5b6s4sl9af7zcvpjs41qnl24xi80x-nodejs-23.2.0"
        },
        "x86_64-linux": {
          "outputs": [
            {
              "name": "out",
              "path": "/nix/store/nsc1zfr2q3z2dp0c3vlip7lhkjckafk8-nodejs-23.2.0",
              "default": true
            },
            {
              "name": "libv8",
              "path": "/nix/store/v1j4ab0j2c8w3pk67p6lv8y19ika7rig-nodejs-23.2.0-libv8"
            }
          ],
          "store_path": "/nix/store/nsc1zfr2q3z2dp0c3vlip7lhkjckafk8-nodejs-23.2.0"
        }
      }
    },
    "pre-commit@4.0.1": {
      "last_modified": "2024-11-28T07:51:56Z",
      "resolved": "github:NixOS/nixpkgs/226216574ada4c3ecefcbbec41f39ce4655f78ef#pre-commit",
      "source": "devbox-search",
      "version": "4.0.1",
      "systems": {
        "aarch64-darwin": {
          "outputs": [
            {
              "name": "out",
              "path": "/nix/store/aimv8ah3yhgab36sw3zbq1iijyziznf6-pre-commit-4.0.1",
              "default": true
            },
            {
              "name": "dist",
              "path": "/nix/store/qmi5w2qid6pikla8rwlpmjq089dzgrc1-pre-commit-4.0.1-dist"
            }
          ],
          "store_path": "/nix/store/aimv8ah3yhgab36sw3zbq1iijyziznf6-pre-commit-4.0.1"
        },
        "aarch64-linux": {
          "outputs": [
            {
              "name": "out",
              "path": "/nix/store/5m43n9nfh3adc16v4gkhbam8j01n6vnc-pre-commit-4.0.1",
              "default": true
            },
            {
              "name": "dist",
              "path": "/nix/store/dynbxgqjrpxfyhi1md6fvinvqrrk129d-pre-commit-4.0.1-dist"
            }
          ],
          "store_path": "/nix/store/5m43n9nfh3adc16v4gkhbam8j01n6vnc-pre-commit-4.0.1"
        },
        "x86_64-darwin": {
          "outputs": [
            {
              "name": "out",
              "path": "/nix/store/dbzp2indq72z7dnagwyadslh5hrsg9b9-pre-commit-4.0.1",
              "default": true
            },
            {
              "name": "dist",
              "path": "/nix/store/q2n16d43f53b1x1sa13sb8rlzzf63bz8-pre-commit-4.0.1-dist"
            }
          ],
          "store_path": "/nix/store/dbzp2indq72z7dnagwyadslh5hrsg9b9-pre-commit-4.0.1"
        },
        "x86_64-linux": {
          "outputs": [
            {
              "name": "out",
              "path": "/nix/store/q4m1rd8xbbvigqi5vgd9mp58m857bx9a-pre-commit-4.0.1",
              "default": true
            },
            {
              "name": "dist",
              "path": "/nix/store/p9725ydq8z1d25hhba3s4sjlj57gd6mk-pre-commit-4.0.1-dist"
            }
          ],
          "store_path": "/nix/store/q4m1rd8xbbvigqi5vgd9mp58m857bx9a-pre-commit-4.0.1"
        }
      }
    },
    "python310Packages.dnspython@2.4.2": {
      "last_modified": "2023-12-13T22:54:10Z",
      "resolved": "github:NixOS/nixpkgs/fd04bea4cbf76f86f244b9e2549fca066db8ddff#python310Packages.dnspython",
      "source": "devbox-search",
      "version": "2.4.2",
      "systems": {
        "aarch64-darwin": {
          "outputs": [
            {
              "name": "out",
              "path": "/nix/store/az5vpzgbmf2dcfivw1pvrqh0qcm8awp2-python3.10-dnspython-2.4.2",
              "default": true
            },
            {
              "name": "dist",
              "path": "/nix/store/4xvibywl2w6w7idlhiv67b3r88d9mvhg-python3.10-dnspython-2.4.2-dist"
            }
          ],
          "store_path": "/nix/store/az5vpzgbmf2dcfivw1pvrqh0qcm8awp2-python3.10-dnspython-2.4.2"
        },
        "aarch64-linux": {
          "outputs": [
            {
              "name": "out",
              "path": "/nix/store/6ffqgd94hcy74cq3pvjk96m8i88iyc8p-python3.10-dnspython-2.4.2",
              "default": true
            },
            {
              "name": "dist",
              "path": "/nix/store/1b52fnflash6n6wwqqhadqw3hn5rcgyy-python3.10-dnspython-2.4.2-dist"
            }
          ],
          "store_path": "/nix/store/6ffqgd94hcy74cq3pvjk96m8i88iyc8p-python3.10-dnspython-2.4.2"
        },
        "x86_64-darwin": {
          "outputs": [
            {
              "name": "out",
              "path": "/nix/store/jfjrdhhafb3mq2fr85jrmrkykbs3d9af-python3.10-dnspython-2.4.2",
              "default": true
            },
            {
              "name": "dist",
              "path": "/nix/store/jnpkm4whg2dc08q6xbgfndbldqnkjniw-python3.10-dnspython-2.4.2-dist"
            }
          ],
          "store_path": "/nix/store/jfjrdhhafb3mq2fr85jrmrkykbs3d9af-python3.10-dnspython-2.4.2"
        },
        "x86_64-linux": {
          "outputs": [
            {
              "name": "out",
              "path": "/nix/store/7nf8wdnkgzpharwfd257wi89zrp384g8-python3.10-dnspython-2.4.2",
              "default": true
            },
            {
              "name": "dist",
              "path": "/nix/store/wp1wnwa8fc9ivvfsv23qflbkygf9jfr8-python3.10-dnspython-2.4.2-dist"
            }
          ],
          "store_path": "/nix/store/7nf8wdnkgzpharwfd257wi89zrp384g8-python3.10-dnspython-2.4.2"
        }
      }
    },
    "python310Packages.email-validator@2.0.0": {
      "last_modified": "2023-12-13T22:54:10Z",
      "resolved": "github:NixOS/nixpkgs/fd04bea4cbf76f86f244b9e2549fca066db8ddff#python310Packages.email-validator",
      "source": "devbox-search",
      "version": "2.0.0",
      "systems": {
        "aarch64-darwin": {
          "outputs": [
            {
              "name": "out",
              "path": "/nix/store/f35gd36kh37f86rinqpkqj4yvvhcylqa-python3.10-email-validator-2.0.0",
              "default": true
            },
            {
              "name": "dist",
              "path": "/nix/store/l5d2rv4wm70r89sw307cr88mys0daca2-python3.10-email-validator-2.0.0-dist"
            }
          ],
          "store_path": "/nix/store/f35gd36kh37f86rinqpkqj4yvvhcylqa-python3.10-email-validator-2.0.0"
        },
        "aarch64-linux": {
          "outputs": [
            {
              "name": "out",
              "path": "/nix/store/8a85vi9m7awkpm5wkk165hd9jnkqghpq-python3.10-email-validator-2.0.0",
              "default": true
            },
            {
              "name": "dist",
              "path": "/nix/store/lr7imz48xw2c3nwa544jg8v9pz97zy9l-python3.10-email-validator-2.0.0-dist"
            }
          ],
          "store_path": "/nix/store/8a85vi9m7awkpm5wkk165hd9jnkqghpq-python3.10-email-validator-2.0.0"
        },
        "x86_64-darwin": {
          "outputs": [
            {
              "name": "out",
              "path": "/nix/store/y30wphf10k0n56spijkap557n792yah2-python3.10-email-validator-2.0.0",
              "default": true
            },
            {
              "name": "dist",
              "path": "/nix/store/wl318rxl6bhcx85vbp0423qzhmpp2fvi-python3.10-email-validator-2.0.0-dist"
            }
          ],
          "store_path": "/nix/store/y30wphf10k0n56spijkap557n792yah2-python3.10-email-validator-2.0.0"
        },
        "x86_64-linux": {
          "outputs": [
            {
              "name": "out",
              "path": "/nix/store/41h3zh60fszw7yszv5xjv9jhrnhnskrc-python3.10-email-validator-2.0.0",
              "default": true
            },
            {
              "name": "dist",
              "path": "/nix/store/qb5lxsxv57p38xhak7pgy3bk0fnvgzqc-python3.10-email-validator-2.0.0-dist"
            }
          ],
          "store_path": "/nix/store/41h3zh60fszw7yszv5xjv9jhrnhnskrc-python3.10-email-validator-2.0.0"
        }
      }
    },
    "python310Packages.netaddr@0.8.0": {
      "last_modified": "2023-12-13T22:54:10Z",
      "resolved": "github:NixOS/nixpkgs/fd04bea4cbf76f86f244b9e2549fca066db8ddff#python310Packages.netaddr",
      "source": "devbox-search",
      "version": "0.8.0",
      "systems": {
        "aarch64-darwin": {
          "outputs": [
            {
              "name": "out",
              "path": "/nix/store/kx9zdlalf7g9c07gk462ff175psisxkw-python3.10-netaddr-0.8.0",
              "default": true
            },
            {
              "name": "dist",
              "path": "/nix/store/dcclvhi9dfxn50vwspg19i4k9d5v3diq-python3.10-netaddr-0.8.0-dist"
            }
          ],
          "store_path": "/nix/store/kx9zdlalf7g9c07gk462ff175psisxkw-python3.10-netaddr-0.8.0"
        },
        "aarch64-linux": {
          "outputs": [
            {
              "name": "out",
              "path": "/nix/store/873mkwhw97cscm26am67pr4l8cllg735-python3.10-netaddr-0.8.0",
              "default": true
            },
            {
              "name": "dist",
              "path": "/nix/store/yakw9pmk5xjyqvkq0zsz7r76azd27647-python3.10-netaddr-0.8.0-dist"
            }
          ],
          "store_path": "/nix/store/873mkwhw97cscm26am67pr4l8cllg735-python3.10-netaddr-0.8.0"
        },
        "x86_64-darwin": {
          "outputs": [
            {
              "name": "out",
              "path": "/nix/store/l2i4qczmy2r7ppbppra7fccj0316lili-python3.10-netaddr-0.8.0",
              "default": true
            },
            {
              "name": "dist",
              "path": "/nix/store/aq6mazid1i68z6afa6qr29gyf23q1iip-python3.10-netaddr-0.8.0-dist"
            }
          ],
          "store_path": "/nix/store/l2i4qczmy2r7ppbppra7fccj0316lili-python3.10-netaddr-0.8.0"
        },
        "x86_64-linux": {
          "outputs": [
            {
              "name": "out",
              "path": "/nix/store/a6bhf3z81zj9yxb0yiwrdw30z8if9pj4-python3.10-netaddr-0.8.0",
              "default": true
            },
            {
              "name": "dist",
              "path": "/nix/store/2pwgwlfmwmbvawy2z6fk7d01rynv95pq-python3.10-netaddr-0.8.0-dist"
            }
          ],
          "store_path": "/nix/store/a6bhf3z81zj9yxb0yiwrdw30z8if9pj4-python3.10-netaddr-0.8.0"
        }
      }
    },
    "python310Packages.ntplib@0.4.0": {
      "last_modified": "2023-12-13T22:54:10Z",
      "resolved": "github:NixOS/nixpkgs/fd04bea4cbf76f86f244b9e2549fca066db8ddff#python310Packages.ntplib",
      "source": "devbox-search",
      "version": "0.4.0",
      "systems": {
        "aarch64-darwin": {
          "outputs": [
            {
              "name": "out",
              "path": "/nix/store/c48w0lypwj25qkzzmig6lwvz0p3k6vvx-python3.10-ntplib-0.4.0",
              "default": true
            },
            {
              "name": "dist",
              "path": "/nix/store/ar3ilkqpnkvkfmkpiijv8nr3ly44p24g-python3.10-ntplib-0.4.0-dist"
            }
          ],
          "store_path": "/nix/store/c48w0lypwj25qkzzmig6lwvz0p3k6vvx-python3.10-ntplib-0.4.0"
        },
        "aarch64-linux": {
          "outputs": [
            {
              "name": "out",
              "path": "/nix/store/iq76188padgsd6498h941xnxy2md49fc-python3.10-ntplib-0.4.0",
              "default": true
            },
            {
              "name": "dist",
              "path": "/nix/store/cd3j1ynkw4axa3xz522vpcr6cbyys0fj-python3.10-ntplib-0.4.0-dist"
            }
          ],
          "store_path": "/nix/store/iq76188padgsd6498h941xnxy2md49fc-python3.10-ntplib-0.4.0"
        },
        "x86_64-darwin": {
          "outputs": [
            {
              "name": "out",
              "path": "/nix/store/127ksj4a9yk26s4y4g744s6wly44dxlp-python3.10-ntplib-0.4.0",
              "default": true
            },
            {
              "name": "dist",
              "path": "/nix/store/rcc92ch9zx8jsgjs90d7m6cya0b0kz6w-python3.10-ntplib-0.4.0-dist"
            }
          ],
          "store_path": "/nix/store/127ksj4a9yk26s4y4g744s6wly44dxlp-python3.10-ntplib-0.4.0"
        },
        "x86_64-linux": {
          "outputs": [
            {
              "name": "out",
              "path": "/nix/store/rni9rldf03xbry086hapnj2d6715hk88-python3.10-ntplib-0.4.0",
              "default": true
            },
            {
              "name": "dist",
              "path": "/nix/store/bdkw21x6zgyl2y6zwgbkcgdmizpy1j38-python3.10-ntplib-0.4.0-dist"
            }
          ],
          "store_path": "/nix/store/rni9rldf03xbry086hapnj2d6715hk88-python3.10-ntplib-0.4.0"
        }
      }
    },
    "python@3.10.16": {
      "last_modified": "2024-12-08T11:15:23Z",
      "plugin_version": "0.0.3",
      "resolved": "github:NixOS/nixpkgs/93dc9803a1ee435e590b02cde9589038d5cc3a4e#python310",
      "source": "devbox-search",
      "version": "3.10.16",
      "systems": {
        "aarch64-darwin": {
          "outputs": [
            {
              "name": "out",
              "path": "/nix/store/63w3v071x6cpzpkf4yd6rvqf9y5rlv2m-python3-3.10.16",
              "default": true
            }
          ],
          "store_path": "/nix/store/63w3v071x6cpzpkf4yd6rvqf9y5rlv2m-python3-3.10.16"
        },
        "aarch64-linux": {
          "outputs": [
            {
              "name": "out",
              "path": "/nix/store/vl7i2cl681wyfl8s8v1z95f727bzr8kw-python3-3.10.16",
              "default": true
            },
            {
              "name": "debug",
              "path": "/nix/store/n0miz6wdklfsi4yin2xvi4xfv4r0zc2m-python3-3.10.16-debug"
            }
          ],
          "store_path": "/nix/store/vl7i2cl681wyfl8s8v1z95f727bzr8kw-python3-3.10.16"
        },
        "x86_64-darwin": {
          "outputs": [
            {
              "name": "out",
              "path": "/nix/store/05466vqmw92j4v5jd8fpqsnzwrpdansq-python3-3.10.16",
              "default": true
            }
          ],
          "store_path": "/nix/store/05466vqmw92j4v5jd8fpqsnzwrpdansq-python3-3.10.16"
        },
        "x86_64-linux": {
          "outputs": [
            {
              "name": "out",
              "path": "/nix/store/f5prw9mm064yp8g96fcals3mrsadysig-python3-3.10.16",
              "default": true
            },
            {
              "name": "debug",
              "path": "/nix/store/hfwmhm35lwrdnzifz2rbfavlxkg7sc6s-python3-3.10.16-debug"
            }
          ],
          "store_path": "/nix/store/f5prw9mm064yp8g96fcals3mrsadysig-python3-3.10.16"
        }
      }
    },
    "shellcheck@0.10.0": {
      "last_modified": "2024-11-28T07:51:56Z",
      "resolved": "github:NixOS/nixpkgs/226216574ada4c3ecefcbbec41f39ce4655f78ef#shellcheck",
      "source": "devbox-search",
      "version": "0.10.0",
      "systems": {
        "aarch64-darwin": {
          "outputs": [
            {
              "name": "bin",
              "path": "/nix/store/vbk29hlm6366ypf7sjpmhqfq77fci4hk-shellcheck-0.10.0-bin",
              "default": true
            },
            {
              "name": "man",
              "path": "/nix/store/9y8j1pjnbm4x63jfwr2457ari50bcwkq-shellcheck-0.10.0-man",
              "default": true
            },
            {
              "name": "doc",
              "path": "/nix/store/r2h67i2vlh2z3i6a95a6cq7aga8n5lai-shellcheck-0.10.0-doc",
              "default": true
            },
            {
              "name": "out",
              "path": "/nix/store/mppnnmgsnvl7hy2day2cpbb3synwnvz9-shellcheck-0.10.0"
            }
          ],
          "store_path": "/nix/store/vbk29hlm6366ypf7sjpmhqfq77fci4hk-shellcheck-0.10.0-bin"
        },
        "aarch64-linux": {
          "outputs": [
            {
              "name": "bin",
              "path": "/nix/store/k70kq24labhf2r54xj8jsvs3kqm6lwxp-shellcheck-0.10.0-bin",
              "default": true
            },
            {
              "name": "man",
              "path": "/nix/store/7pd0kr8a8xqz1wh2l1swk9wckf6v40c1-shellcheck-0.10.0-man",
              "default": true
            },
            {
              "name": "doc",
              "path": "/nix/store/hwgj8c8y279zrvf2mnspcndp6dp9z1x7-shellcheck-0.10.0-doc",
              "default": true
            },
            {
              "name": "out",
              "path": "/nix/store/rp0p9h4svwz890wmdm3afdl8655rg1m4-shellcheck-0.10.0"
            }
          ],
          "store_path": "/nix/store/k70kq24labhf2r54xj8jsvs3kqm6lwxp-shellcheck-0.10.0-bin"
        },
        "x86_64-darwin": {
          "outputs": [
            {
              "name": "bin",
              "path": "/nix/store/dflfkn5aiywxikdqb524lbk7qa51c7vn-shellcheck-0.10.0-bin",
              "default": true
            },
            {
              "name": "man",
              "path": "/nix/store/azgfvnl4f4cri68ns1j7k3642bl103i7-shellcheck-0.10.0-man",
              "default": true
            },
            {
              "name": "doc",
              "path": "/nix/store/ry5kz9ln9r7lyv5qhv39d3gfr5fl6qkp-shellcheck-0.10.0-doc",
              "default": true
            },
            {
              "name": "out",
              "path": "/nix/store/pp1bmvzn76lkg4xk4rxww2i6bnqz7bva-shellcheck-0.10.0"
            }
          ],
          "store_path": "/nix/store/dflfkn5aiywxikdqb524lbk7qa51c7vn-shellcheck-0.10.0-bin"
        },
        "x86_64-linux": {
          "outputs": [
            {
              "name": "bin",
              "path": "/nix/store/dkssi8wkf0yg2x0lpmafi49crmyxraix-shellcheck-0.10.0-bin",
              "default": true
            },
            {
              "name": "man",
              "path": "/nix/store/nkp960f3ialydb6jvw8ac7l44lkw68by-shellcheck-0.10.0-man",
              "default": true
            },
            {
              "name": "doc",
              "path": "/nix/store/aikkw4sxmdi6n3nlgrl6gq5415w0dpam-shellcheck-0.10.0-doc",
              "default": true
            },
            {
              "name": "out",
              "path": "/nix/store/zchhiq4nzmqnlcdwac35d8l951f34776-shellcheck-0.10.0"
            }
          ],
          "store_path": "/nix/store/dkssi8wkf0yg2x0lpmafi49crmyxraix-shellcheck-0.10.0-bin"
        }
      }
    },
    "stern@1.31.0": {
      "last_modified": "2024-11-28T07:51:56Z",
      "resolved": "github:NixOS/nixpkgs/226216574ada4c3ecefcbbec41f39ce4655f78ef#stern",
      "source": "devbox-search",
      "version": "1.31.0",
      "systems": {
        "aarch64-darwin": {
          "outputs": [
            {
              "name": "out",
              "path": "/nix/store/py41dv0bwk3ipwiz80kqqx7i06ip77dv-stern-1.31.0",
              "default": true
            }
          ],
          "store_path": "/nix/store/py41dv0bwk3ipwiz80kqqx7i06ip77dv-stern-1.31.0"
        },
        "aarch64-linux": {
          "outputs": [
            {
              "name": "out",
              "path": "/nix/store/cxrh6ka5rlqa0hlvnx2bnymdxlvfg9yp-stern-1.31.0",
              "default": true
            }
          ],
          "store_path": "/nix/store/cxrh6ka5rlqa0hlvnx2bnymdxlvfg9yp-stern-1.31.0"
        },
        "x86_64-darwin": {
          "outputs": [
            {
              "name": "out",
              "path": "/nix/store/srmyb0vj1v1705mrgcwhqx1gxnsadlhd-stern-1.31.0",
              "default": true
            }
          ],
          "store_path": "/nix/store/srmyb0vj1v1705mrgcwhqx1gxnsadlhd-stern-1.31.0"
        },
        "x86_64-linux": {
          "outputs": [
            {
              "name": "out",
              "path": "/nix/store/w3cbi98ghpp03yyd0mjcmi53h3l8ssd8-stern-1.31.0",
              "default": true
            }
          ],
          "store_path": "/nix/store/w3cbi98ghpp03yyd0mjcmi53h3l8ssd8-stern-1.31.0"
        }
      }
    },
    "talosctl@1.9.1": {
      "last_modified": "2024-12-30T01:48:12Z",
      "resolved": "github:NixOS/nixpkgs/6d97d419e5a9b36e6293887a89a078cf85f5a61b#talosctl",
      "source": "devbox-search",
      "version": "1.9.1",
      "systems": {
        "aarch64-darwin": {
          "outputs": [
            {
              "name": "out",
              "path": "/nix/store/r4nvj5cfqmjz1q93np905fggs1w77py4-talosctl-1.9.1",
              "default": true
            }
          ],
          "store_path": "/nix/store/r4nvj5cfqmjz1q93np905fggs1w77py4-talosctl-1.9.1"
        },
        "aarch64-linux": {
          "outputs": [
            {
              "name": "out",
              "path": "/nix/store/9s589r6dbv8077g3x4cn426pvi154jir-talosctl-1.9.1",
              "default": true
            }
          ],
          "store_path": "/nix/store/9s589r6dbv8077g3x4cn426pvi154jir-talosctl-1.9.1"
        },
        "x86_64-darwin": {
          "outputs": [
            {
              "name": "out",
              "path": "/nix/store/vb3yklly4qgqjfgafwd5ricdfzyhg1z2-talosctl-1.9.1",
              "default": true
            }
          ],
          "store_path": "/nix/store/vb3yklly4qgqjfgafwd5ricdfzyhg1z2-talosctl-1.9.1"
        },
        "x86_64-linux": {
          "outputs": [
            {
              "name": "out",
              "path": "/nix/store/5zkkswk07j97kjx33icxr531sc8ggscf-talosctl-1.9.1",
              "default": true
            }
          ],
          "store_path": "/nix/store/5zkkswk07j97kjx33icxr531sc8ggscf-talosctl-1.9.1"
        }
      }
    },
    "uv@0.5.20": {
      "last_modified": "2025-01-17T10:46:57Z",
      "resolved": "github:NixOS/nixpkgs/041c867bad68dfe34b78b2813028a2e2ea70a23c#uv",
      "source": "devbox-search",
      "version": "0.5.20",
      "systems": {
        "aarch64-darwin": {
          "outputs": [
            {
              "name": "out",
              "path": "/nix/store/2jdca8mssh1dx2ga864kmmq13sb3bn1s-uv-0.5.20",
              "default": true
            }
          ],
          "store_path": "/nix/store/2jdca8mssh1dx2ga864kmmq13sb3bn1s-uv-0.5.20"
        },
        "aarch64-linux": {
          "outputs": [
            {
              "name": "out",
              "path": "/nix/store/6f40k1xb0cnxkcfkx9bpkhlg4zndakfd-uv-0.5.20",
              "default": true
            }
          ],
          "store_path": "/nix/store/6f40k1xb0cnxkcfkx9bpkhlg4zndakfd-uv-0.5.20"
        },
        "x86_64-darwin": {
          "outputs": [
            {
              "name": "out",
              "path": "/nix/store/2q0j9zf19rb0lwpfdhlmvvnajn5aih0f-uv-0.5.20",
              "default": true
            }
          ],
          "store_path": "/nix/store/2q0j9zf19rb0lwpfdhlmvvnajn5aih0f-uv-0.5.20"
        },
        "x86_64-linux": {
          "outputs": [
            {
              "name": "out",
              "path": "/nix/store/qsfv9idsah94n6a0z6bvx7wwinaxf0sf-uv-0.5.20",
              "default": true
            }
          ],
          "store_path": "/nix/store/qsfv9idsah94n6a0z6bvx7wwinaxf0sf-uv-0.5.20"
        }
      }
    },
    "yq-go@4.45.1": {
      "last_modified": "2025-01-13T08:04:02Z",
      "resolved": "github:NixOS/nixpkgs/ef56e777fedaa4da8c66a150081523c5de1e0171#yq-go",
      "source": "devbox-search",
      "version": "4.45.1",
      "systems": {
        "aarch64-darwin": {
          "outputs": [
            {
              "name": "out",
              "path": "/nix/store/m3l62wcsg1bfcl65kqkjx5pp67hnsd6i-yq-go-4.45.1",
              "default": true
            }
          ],
          "store_path": "/nix/store/m3l62wcsg1bfcl65kqkjx5pp67hnsd6i-yq-go-4.45.1"
        },
        "aarch64-linux": {
          "outputs": [
            {
              "name": "out",
              "path": "/nix/store/j11fbdvw9pvdscfjcrrq81gw7xmy3fqy-yq-go-4.45.1",
              "default": true
            }
          ],
          "store_path": "/nix/store/j11fbdvw9pvdscfjcrrq81gw7xmy3fqy-yq-go-4.45.1"
        },
        "x86_64-darwin": {
          "outputs": [
            {
              "name": "out",
              "path": "/nix/store/v3frj7y599qhn3r7x2i4x0j737wpy3bj-yq-go-4.45.1",
              "default": true
            }
          ],
          "store_path": "/nix/store/v3frj7y599qhn3r7x2i4x0j737wpy3bj-yq-go-4.45.1"
        },
        "x86_64-linux": {
          "outputs": [
            {
              "name": "out",
              "path": "/nix/store/y2j2zi09w6r4w8dp65pahkgdsqap1kln-yq-go-4.45.1",
              "default": true
            }
          ],
          "store_path": "/nix/store/y2j2zi09w6r4w8dp65pahkgdsqap1kln-yq-go-4.45.1"
        }
      }
    }
  }
}
