{
  "lockfile_version": "1",
  "packages": {
    "cloudflared@2024.12.2": {
      "last_modified": "2025-01-04T17:00:17Z",
      "resolved": "github:NixOS/nixpkgs/a1945f760a8fe019a4d753808de424dcd4e5b3cf#cloudflared",
      "source": "devbox-search",
      "version": "2024.12.2",
      "systems": {
        "aarch64-darwin": {
          "outputs": [
            {
              "name": "out",
              "path": "/nix/store/q4yfxjkhlv3md2379wr93mraabiv95hj-cloudflared-2024.12.2",
              "default": true
            }
          ],
          "store_path": "/nix/store/q4yfxjkhlv3md2379wr93mraabiv95hj-cloudflared-2024.12.2"
        },
        "aarch64-linux": {
          "outputs": [
            {
              "name": "out",
              "path": "/nix/store/2cp58g1nclpcd0xdhm0wznkkgaz8hhsb-cloudflared-2024.12.2",
              "default": true
            }
          ],
          "store_path": "/nix/store/2cp58g1nclpcd0xdhm0wznkkgaz8hhsb-cloudflared-2024.12.2"
        },
        "x86_64-darwin": {
          "outputs": [
            {
              "name": "out",
              "path": "/nix/store/55zwxypnw0dadxqzbw6slvjli9cdm334-cloudflared-2024.12.2",
              "default": true
            }
          ],
          "store_path": "/nix/store/55zwxypnw0dadxqzbw6slvjli9cdm334-cloudflared-2024.12.2"
        },
        "x86_64-linux": {
          "outputs": [
            {
              "name": "out",
              "path": "/nix/store/0h33hl7md01llry7sama2g96swz9sch9-cloudflared-2024.12.2",
              "default": true
            }
          ],
          "store_path": "/nix/store/0h33hl7md01llry7sama2g96swz9sch9-cloudflared-2024.12.2"
        }
      }
    },
    "fluxcd@2.9.4": {
      "last_modified": "2026-08-14T06:48:10Z",
      "resolved": "github:NixOS/nixpkgs/f2b17eb1b90f6a359082035b4538d4c63017aec3#fluxcd",
      "source": "devbox-search",
      "version": "2.9.4",
      "systems": {
        "aarch64-darwin": {
          "outputs": [
            {
              "name": "out",
              "path": "/nix/store/gk0gw5hww7ah2zq1n5akv5iraairz462-fluxcd-2.9.4",
              "default": true
            }
          ],
          "store_path": "/nix/store/gk0gw5hww7ah2zq1n5akv5iraairz462-fluxcd-2.9.4"
        },
        "aarch64-linux": {
          "outputs": [
            {
              "name": "out",
              "path": "/nix/store/qqcj496d89jkv7w39py7q6filvqw1hkm-fluxcd-2.9.4",
              "default": true
            }
          ],
          "store_path": "/nix/store/qqcj496d89jkv7w39py7q6filvqw1hkm-fluxcd-2.9.4"
        },
        "x86_64-linux": {
          "outputs": [
            {
              "name": "out",
              "path": "/nix/store/0p4dw10k06yni4p3kqxg16vfp4h0jr3i-fluxcd-2.9.4",
              "default": true
            }
          ],
          "store_path": "/nix/store/0p4dw10k06yni4p3kqxg16vfp4h0jr3i-fluxcd-2.9.4"
        }
      }
    },
    "go-task@3.53.1": {
      "last_modified": "2026-08-25T04:16:28Z",
      "resolved": "github:NixOS/nixpkgs/ac6b2166e7a9375683b8e98f860f273222337b16#go-task",
      "source": "devbox-search",
      "version": "3.53.1",
      "systems": {
        "aarch64-darwin": {
          "outputs": [
            {
              "name": "out",
              "path": "/nix/store/wl966f8iwck82flhiw7ipihh42n56vdn-go-task-3.53.1",
              "default": true
            }
          ],
          "store_path": "/nix/store/wl966f8iwck82flhiw7ipihh42n56vdn-go-task-3.53.1"
        },
        "aarch64-linux": {
          "outputs": [
            {
              "name": "out",
              "path": "/nix/store/07g51y69ilya5bjm5syrdszv3dcs3lif-go-task-3.53.1",
              "default": true
            }
          ],
          "store_path": "/nix/store/07g51y69ilya5bjm5syrdszv3dcs3lif-go-task-3.53.1"
        },
        "x86_64-linux": {
          "outputs": [
            {
              "name": "out",
              "path": "/nix/store/yb9k3vvims3p0iddv48n05caxy63asay-go-task-3.53.1",
              "default": true
            }
          ],
          "store_path": "/nix/store/yb9k3vvims3p0iddv48n05caxy63asay-go-task-3.53.1"
        }
      }
    },
    "helmfile@0.171.0": {
      "last_modified": "2025-04-17T05:47:26Z",
      "resolved": "github:NixOS/nixpkgs/ebe4301cbd8f81c4f8d3244b3632338bbeb6d49c#helmfile",
      "source": "devbox-search",
      "version": "0.171.0",
      "systems": {
        "aarch64-darwin": {
          "outputs": [
            {
              "name": "out",
              "path": "/nix/store/5km7jsflj3al854jri0whyccf5apb0wp-helmfile-0.171.0",
              "default": true
            }
          ],
          "store_path": "/nix/store/5km7jsflj3al854jri0whyccf5apb0wp-helmfile-0.171.0"
        },
        "aarch64-linux": {
          "outputs": [
            {
              "name": "out",
              "path": "/nix/store/sxi70pd9lnm10cxdy0qaa4bw2rp1ga9x-helmfile-0.171.0",
              "default": true
            }
          ],
          "store_path": "/nix/store/sxi70pd9lnm10cxdy0qaa4bw2rp1ga9x-helmfile-0.171.0"
        },
        "x86_64-darwin": {
          "outputs": [
            {
              "name": "out",
              "path": "/nix/store/2yjb6ra5ysx4217zx91fgf7xnqckggb1-helmfile-0.171.0",
              "default": true
            }
          ],
          "store_path": "/nix/store/2yjb6ra5ysx4217zx91fgf7xnqckggb1-helmfile-0.171.0"
        },
        "x86_64-linux": {
          "outputs": [
            {
              "name": "out",
              "path": "/nix/store/bqyp5fpxmbyhp8fkchjkig1bgjs0afjw-helmfile-0.171.0",
              "default": true
            }
          ],
          "store_path": "/nix/store/bqyp5fpxmbyhp8fkchjkig1bgjs0afjw-helmfile-0.171.0"
        }
      }
    },
    "jq@1.8.2": {
      "last_modified": "2026-08-25T04:16:28Z",
      "resolved": "github:NixOS/nixpkgs/ac6b2166e7a9375683b8e98f860f273222337b16#jq",
      "source": "devbox-search",
      "version": "1.8.2",
      "systems": {
        "aarch64-darwin": {
          "outputs": [
            {
              "name": "bin",
              "path": "/nix/store/0rh3h4zp6zfpyrprc5nhv8fr6fimif20-jq-1.8.2-bin",
              "default": true
            },
            {
              "name": "man",
              "path": "/nix/store/mvjwlxlr8jjy0qk6hhbiz7sc4c34qbyp-jq-1.8.2-man",
              "default": true
            },
            {
              "name": "out",
              "path": "/nix/store/kn0zwf9xffzj4j9rf2iw8zqqgp5r81pa-jq-1.8.2"
            },
            {
              "name": "dev",
              "path": "/nix/store/n9k1113nhr98lj127dybfjc47ywvwkzq-jq-1.8.2-dev"
            },
            {
              "name": "doc",
              "path": "/nix/store/c2mfv51inycd1m1h23wrq0xrmqma1n01-jq-1.8.2-doc"
            }
          ],
          "store_path": "/nix/store/0rh3h4zp6zfpyrprc5nhv8fr6fimif20-jq-1.8.2-bin"
        },
        "aarch64-linux": {
          "outputs": [
            {
              "name": "bin",
              "path": "/nix/store/idak61zxiv384i26xpk1rgq17bwfpk74-jq-1.8.2-bin",
              "default": true
            },
            {
              "name": "man",
              "path": "/nix/store/xha52gqb3ghchsgzff2ivn4vzndf1ap9-jq-1.8.2-man",
              "default": true
            },
            {
              "name": "dev",
              "path": "/nix/store/r9zn83ni06rdzkns9rya2ajvasvjwg14-jq-1.8.2-dev"
            },
            {
              "name": "doc",
              "path": "/nix/store/i31dp26h347cnzh3bj6spay6kydgg0vp-jq-1.8.2-doc"
            },
            {
              "name": "out",
              "path": "/nix/store/p6gmwpax6i1pbvcpqxg51swl5zn6lrrw-jq-1.8.2"
            }
          ],
          "store_path": "/nix/store/idak61zxiv384i26xpk1rgq17bwfpk74-jq-1.8.2-bin"
        },
        "x86_64-linux": {
          "outputs": [
            {
              "name": "bin",
              "path": "/nix/store/25pcd19xk5ff8ybjslsips4g7yv06fxl-jq-1.8.2-bin",
              "default": true
            },
            {
              "name": "man",
              "path": "/nix/store/azzak4596lzn8kc48pij8kdjn0b2pwnx-jq-1.8.2-man",
              "default": true
            },
            {
              "name": "dev",
              "path": "/nix/store/l9wkilihbd6xg5f7dmwzyxjlmaly45ib-jq-1.8.2-dev"
            },
            {
              "name": "doc",
              "path": "/nix/store/78aafabrskd5il1l06lhbqi7jzd8pknh-jq-1.8.2-doc"
            },
            {
              "name": "out",
              "path": "/nix/store/rj3zms0wpcp1q5vcbin93w3jyg2rdj84-jq-1.8.2"
            }
          ],
          "store_path": "/nix/store/25pcd19xk5ff8ybjslsips4g7yv06fxl-jq-1.8.2-bin"
        }
      }
    },
    "k9s@0.51.0": {
      "last_modified": "2026-08-12T11:28:58Z",
      "resolved": "github:NixOS/nixpkgs/044bfe75bfe4c7bbe043dc17b5e42ea823b84a09#k9s",
      "source": "devbox-search",
      "version": "0.51.0",
      "systems": {
        "aarch64-darwin": {
          "outputs": [
            {
              "name": "out",
              "path": "/nix/store/pipv7x1mlvqvykmnm9cybwkxrcv404vr-k9s-0.51.0",
              "default": true
            }
          ],
          "store_path": "/nix/store/pipv7x1mlvqvykmnm9cybwkxrcv404vr-k9s-0.51.0"
        },
        "aarch64-linux": {
          "outputs": [
            {
              "name": "out",
              "path": "/nix/store/dm811mz98431ix1hvlppjrv9641z34dp-k9s-0.51.0",
              "default": true
            }
          ],
          "store_path": "/nix/store/dm811mz98431ix1hvlppjrv9641z34dp-k9s-0.51.0"
        },
        "x86_64-darwin": {
          "outputs": [
            {
              "name": "out",
              "path": "/nix/store/b8x9cy329sqgznfv0im37nddbsphjx2m-k9s-0.51.0",
              "default": true
            }
          ],
          "store_path": "/nix/store/b8x9cy329sqgznfv0im37nddbsphjx2m-k9s-0.51.0"
        },
        "x86_64-linux": {
          "outputs": [
            {
              "name": "out",
              "path": "/nix/store/3jpc3rsd7scf2glh6lsda20l85jzfxdg-k9s-0.51.0",
              "default": true
            }
          ],
          "store_path": "/nix/store/3jpc3rsd7scf2glh6lsda20l85jzfxdg-k9s-0.51.0"
        }
      }
    },
    "kubeconform@0.8.0": {
      "last_modified": "2026-08-12T11:28:58Z",
      "resolved": "github:NixOS/nixpkgs/044bfe75bfe4c7bbe043dc17b5e42ea823b84a09#kubeconform",
      "source": "devbox-search",
      "version": "0.8.0",
      "systems": {
        "aarch64-darwin": {
          "outputs": [
            {
              "name": "out",
              "path": "/nix/store/p06kwx057kxr784szqha3967ada5vpf5-kubeconform-0.8.0",
              "default": true
            }
          ],
          "store_path": "/nix/store/p06kwx057kxr784szqha3967ada5vpf5-kubeconform-0.8.0"
        },
        "aarch64-linux": {
          "outputs": [
            {
              "name": "out",
              "path": "/nix/store/7bff9qrkq841g7f74g2npnpy6lg96d6i-kubeconform-0.8.0",
              "default": true
            }
          ],
          "store_path": "/nix/store/7bff9qrkq841g7f74g2npnpy6lg96d6i-kubeconform-0.8.0"
        },
        "x86_64-linux": {
          "outputs": [
            {
              "name": "out",
              "path": "/nix/store/bbh2q1fxybcv9q6m49pwvnjcpcw9w2di-kubeconform-0.8.0",
              "default": true
            }
          ],
          "store_path": "/nix/store/bbh2q1fxybcv9q6m49pwvnjcpcw9w2di-kubeconform-0.8.0"
        }
      }
    },
    "kubectl@1.36.3": {
      "last_modified": "2026-08-12T11:28:58Z",
      "resolved": "github:NixOS/nixpkgs/044bfe75bfe4c7bbe043dc17b5e42ea823b84a09#kubectl",
      "source": "devbox-search",
      "version": "1.36.3",
      "systems": {
        "aarch64-darwin": {
          "outputs": [
            {
              "name": "out",
              "path": "/nix/store/f2dn3sm4xhh3f44gni94dwqascvd7y1s-kubectl-1.36.3",
              "default": true
            },
            {
              "name": "man",
              "path": "/nix/store/zkbnrd4981plxx1dpgxzdybbv373b0w6-kubectl-1.36.3-man",
              "default": true
            },
            {
              "name": "convert",
              "path": "/nix/store/ya2y46xjl192r4jwq7y8d7djwifln25l-kubectl-1.36.3-convert"
            }
          ],
          "store_path": "/nix/store/f2dn3sm4xhh3f44gni94dwqascvd7y1s-kubectl-1.36.3"
        },
        "aarch64-linux": {
          "outputs": [
            {
              "name": "out",
              "path": "/nix/store/mwrypgbd1idjcnxrfmgif82zv06khnm6-kubectl-1.36.3",
              "default": true
            },
            {
              "name": "man",
              "path": "/nix/store/lxv9yji4ba7h4al0kvrnyh8nq28gkda0-kubectl-1.36.3-man",
              "default": true
            },
            {
              "name": "convert",
              "path": "/nix/store/24md48z9majyrscs3ggdqzlgsh43ccbk-kubectl-1.36.3-convert"
            }
          ],
          "store_path": "/nix/store/mwrypgbd1idjcnxrfmgif82zv06khnm6-kubectl-1.36.3"
        },
        "x86_64-linux": {
          "outputs": [
            {
              "name": "out",
              "path": "/nix/store/87yqi8l6g2387fjhsvrhwaxggvjychq0-kubectl-1.36.3",
              "default": true
            },
            {
              "name": "man",
              "path": "/nix/store/f6gwa9fpd9b3qvpadfsj4gpz3f6xwgsl-kubectl-1.36.3-man",
              "default": true
            },
            {
              "name": "convert",
              "path": "/nix/store/wrjbqm4adrd2hz2bncnc417mgfa46nbc-kubectl-1.36.3-convert"
            }
          ],
          "store_path": "/nix/store/87yqi8l6g2387fjhsvrhwaxggvjychq0-kubectl-1.36.3"
        }
      }
    },
    "kubernetes-helm@3.20.2": {
      "last_modified": "2026-05-21T08:15:18Z",
      "resolved": "github:NixOS/nixpkgs/4a29d733e8a7d5b824c3d8c958a946a9867b3eb2#kubernetes-helm",
      "source": "devbox-search",
      "version": "3.20.2",
      "systems": {
        "aarch64-darwin": {
          "outputs": [
            {
              "name": "out",
              "path": "/nix/store/gkrsgz343hdglwf80sd6bm03lsg6x4kr-kubernetes-helm-3.20.2",
              "default": true
            }
          ],
          "store_path": "/nix/store/gkrsgz343hdglwf80sd6bm03lsg6x4kr-kubernetes-helm-3.20.2"
        },
        "aarch64-linux": {
          "outputs": [
            {
              "name": "out",
              "path": "/nix/store/aw83ikfgr397vj9nac8j5vcdpr22hy56-kubernetes-helm-3.20.2",
              "default": true
            }
          ],
          "store_path": "/nix/store/aw83ikfgr397vj9nac8j5vcdpr22hy56-kubernetes-helm-3.20.2"
        },
        "x86_64-darwin": {
          "outputs": [
            {
              "name": "out",
              "path": "/nix/store/hqqx1aqvh7j75p9i89chhs7zdrr3m7nd-kubernetes-helm-3.20.2",
              "default": true
            }
          ],
          "store_path": "/nix/store/hqqx1aqvh7j75p9i89chhs7zdrr3m7nd-kubernetes-helm-3.20.2"
        },
        "x86_64-linux": {
          "outputs": [
            {
              "name": "out",
              "path": "/nix/store/89r6lacw4snczana92k6sm8cxw61iq9k-kubernetes-helm-3.20.2",
              "default": true
            }
          ],
          "store_path": "/nix/store/89r6lacw4snczana92k6sm8cxw61iq9k-kubernetes-helm-3.20.2"
        }
      }
    },
    "kustomize@5.8.1": {
      "last_modified": "2026-08-12T11:28:58Z",
      "resolved": "github:NixOS/nixpkgs/044bfe75bfe4c7bbe043dc17b5e42ea823b84a09#kustomize",
      "source": "devbox-search",
      "version": "5.8.1",
      "systems": {
        "aarch64-darwin": {
          "outputs": [
            {
              "name": "out",
              "path": "/nix/store/wfxgyczajr2wf1fpa8vfk9v85w7v6324-kustomize-5.8.1",
              "default": true
            }
          ],
          "store_path": "/nix/store/wfxgyczajr2wf1fpa8vfk9v85w7v6324-kustomize-5.8.1"
        },
        "aarch64-linux": {
          "outputs": [
            {
              "name": "out",
              "path": "/nix/store/9izp11rszjy775fmi3d64s02fnbf4fw3-kustomize-5.8.1",
              "default": true
            }
          ],
          "store_path": "/nix/store/9izp11rszjy775fmi3d64s02fnbf4fw3-kustomize-5.8.1"
        },
        "x86_64-darwin": {
          "outputs": [
            {
              "name": "out",
              "path": "/nix/store/7hx9cv1yxfd01k33aaxay05a8pzm3gja-kustomize-5.8.1",
              "default": true
            }
          ],
          "store_path": "/nix/store/7hx9cv1yxfd01k33aaxay05a8pzm3gja-kustomize-5.8.1"
        },
        "x86_64-linux": {
          "outputs": [
            {
              "name": "out",
              "path": "/nix/store/x34jr3by8sfrmsqkbwmyjym2n27kx5mw-kustomize-5.8.1",
              "default": true
            }
          ],
          "store_path": "/nix/store/x34jr3by8sfrmsqkbwmyjym2n27kx5mw-kustomize-5.8.1"
        }
      }
    },
    "makejinja@2.8.2": {
      "last_modified": "2026-08-12T11:28:58Z",
      "resolved": "github:NixOS/nixpkgs/044bfe75bfe4c7bbe043dc17b5e42ea823b84a09#makejinja",
      "source": "devbox-search",
      "version": "2.8.2",
      "systems": {
        "aarch64-darwin": {
          "outputs": [
            {
              "name": "out",
              "path": "/nix/store/l0chsbspslscnkdsprark2hp5gz51z77-makejinja-2.8.2",
              "default": true
            },
            {
              "name": "dist",
              "path": "/nix/store/6v215gcsigvzjmdc9g0ym5zfq7nayjnx-makejinja-2.8.2-dist"
            }
          ],
          "store_path": "/nix/store/l0chsbspslscnkdsprark2hp5gz51z77-makejinja-2.8.2"
        },
        "aarch64-linux": {
          "outputs": [
            {
              "name": "out",
              "path": "/nix/store/wqv3bd86hc5kzdc5zbr300v8n22y1622-makejinja-2.8.2",
              "default": true
            },
            {
              "name": "dist",
              "path": "/nix/store/4c1xhljsr63zhdrqwpprjyvj0bmg58q0-makejinja-2.8.2-dist"
            }
          ],
          "store_path": "/nix/store/wqv3bd86hc5kzdc5zbr300v8n22y1622-makejinja-2.8.2"
        },
        "x86_64-darwin": {
          "outputs": [
            {
              "name": "out",
              "path": "/nix/store/ch7srvnshlg1wg4qh6gha0ijpla2gh6r-makejinja-2.8.2",
              "default": true
            },
            {
              "name": "dist",
              "path": "/nix/store/8mhi8qnpl50p6l8jgrj9y5jlypwzf6c1-makejinja-2.8.2-dist"
            }
          ],
          "store_path": "/nix/store/ch7srvnshlg1wg4qh6gha0ijpla2gh6r-makejinja-2.8.2"
        },
        "x86_64-linux": {
          "outputs": [
            {
              "name": "out",
              "path": "/nix/store/wvl06mhmw1wy2grgwy97zqps5lrx0fa6-makejinja-2.8.2",
              "default": true
            },
            {
              "name": "dist",
              "path": "/nix/store/2n7rwprn1gdgf31shpxhfwy6d1hih3p9-makejinja-2.8.2-dist"
            }
          ],
          "store_path": "/nix/store/wvl06mhmw1wy2grgwy97zqps5lrx0fa6-makejinja-2.8.2"
        }
      }
    },
    "moreutils@0.70": {
      "last_modified": "2024-12-23T21:10:33Z",
      "resolved": "github:NixOS/nixpkgs/de1864217bfa9b5845f465e771e0ecb48b30e02d#moreutils",
      "source": "devbox-search",
      "version": "0.70",
      "systems": {
        "aarch64-darwin": {
          "outputs": [
            {
              "name": "out",
              "path": "/nix/store/vmym13fydbqhylsb5ia7jvm38g5ghx3a-moreutils-0.70",
              "default": true
            }
          ],
          "store_path": "/nix/store/vmym13fydbqhylsb5ia7jvm38g5ghx3a-moreutils-0.70"
        },
        "aarch64-linux": {
          "outputs": [
            {
              "name": "out",
              "path": "/nix/store/16wrhbn0vl7z9kk37gw2pb1qc0rdjm5j-moreutils-0.70",
              "default": true
            }
          ],
          "store_path": "/nix/store/16wrhbn0vl7z9kk37gw2pb1qc0rdjm5j-moreutils-0.70"
        },
        "x86_64-darwin": {
          "outputs": [
            {
              "name": "out",
              "path": "/nix/store/gzhm22xd12d82b8sgx50vj8f71n0zm5l-moreutils-0.70",
              "default": true
            }
          ],
          "store_path": "/nix/store/gzhm22xd12d82b8sgx50vj8f71n0zm5l-moreutils-0.70"
        },
        "x86_64-linux": {
          "outputs": [
            {
              "name": "out",
              "path": "/nix/store/bcnzkmyrlhx50b2vdqhp7inhnjq6d0g3-moreutils-0.70",
              "default": true
            }
          ],
          "store_path": "/nix/store/bcnzkmyrlhx50b2vdqhp7inhnjq6d0g3-moreutils-0.70"
        }
      }
    },
    "nodejs@23.11.0": {
      "last_modified": "2025-05-04T04:25:16Z",
      "plugin_version": "0.0.4",
      "resolved": "github:NixOS/nixpkgs/6b1c028bce9c89e9824cde040d6986d428296055#nodejs_23",
      "source": "devbox-search",
      "version": "23.11.0",
      "systems": {
        "aarch64-darwin": {
          "outputs": [
            {
              "name": "out",
              "path": "/nix/store/gdh7lnl6ksw2s9j65ah0jnr93cypq0zr-nodejs-23.11.0",
              "default": true
            },
            {
              "name": "libv8",
              "path": "/nix/store/yf4hi5pps1ciplvlrfdvmzdyv0z24l2x-nodejs-23.11.0-libv8"
            },
            {
              "name": "dev",
              "path": "/nix/store/g1c4jg5r4x6jg3zpirgmw9na2swv94sw-nodejs-23.11.0-dev"
            }
          ],
          "store_path": "/nix/store/gdh7lnl6ksw2s9j65ah0jnr93cypq0zr-nodejs-23.11.0"
        },
        "aarch64-linux": {
          "outputs": [
            {
              "name": "out",
              "path": "/nix/store/x7ivilhxy8gf1ikriff5xif8pg54jvgr-nodejs-23.11.0",
              "default": true
            },
            {
              "name": "dev",
              "path": "/nix/store/n1n2gq6vnvfi5z7cpbg3gp8256wlz089-nodejs-23.11.0-dev"
            },
            {
              "name": "libv8",
              "path": "/nix/store/86qhml3ncl7i4mib7yavcikacnrixsv2-nodejs-23.11.0-libv8"
            }
          ],
          "store_path": "/nix/store/x7ivilhxy8gf1ikriff5xif8pg54jvgr-nodejs-23.11.0"
        },
        "x86_64-darwin": {
          "outputs": [
            {
              "name": "out",
              "path": "/nix/store/bnv40f11mj4yqshylgyw4vp12vh451hb-nodejs-23.11.0",
              "default": true
            },
            {
              "name": "dev",
              "path": "/nix/store/5xkwl34mg1acklqwmm00zj04k235pkvg-nodejs-23.11.0-dev"
            },
            {
              "name": "libv8",
              "path": "/nix/store/s8k6rdbs4m8nkqq478mvq1xf4jlfhjrj-nodejs-23.11.0-libv8"
            }
          ],
          "store_path": "/nix/store/bnv40f11mj4yqshylgyw4vp12vh451hb-nodejs-23.11.0"
        },
        "x86_64-linux": {
          "outputs": [
            {
              "name": "out",
              "path": "/nix/store/farnym67jl2brs97ihsvziz7gm0yq26l-nodejs-23.11.0",
              "default": true
            },
            {
              "name": "libv8",
              "path": "/nix/store/3kx3gj5ix8nsp63kh3nkvxzbqcic85wx-nodejs-23.11.0-libv8"
            },
            {
              "name": "dev",
              "path": "/nix/store/37nmva83fc0idfd0xk7rq61zgxg0ywab-nodejs-23.11.0-dev"
            }
          ],
          "store_path": "/nix/store/farnym67jl2brs97ihsvziz7gm0yq26l-nodejs-23.11.0"
        }
      }
    },
    "patch@2.7.6": {
      "last_modified": "2025-01-25T23:17:58Z",
      "resolved": "github:NixOS/nixpkgs/b582bb5b0d7af253b05d58314b85ab8ec46b8d19#patch",
      "source": "devbox-search",
      "version": "2.7.6",
      "systems": {
        "aarch64-darwin": {
          "outputs": [
            {
              "name": "out",
              "path": "/nix/store/h681ir0m8v2i0psmcfrl85cdqxi90w7c-patch-2.7.6",
              "default": true
            }
          ],
          "store_path": "/nix/store/h681ir0m8v2i0psmcfrl85cdqxi90w7c-patch-2.7.6"
        },
        "x86_64-darwin": {
          "outputs": [
            {
              "name": "out",
              "path": "/nix/store/5d20l54js1snzsbkmhz88mz7ranfgr9b-patch-2.7.6",
              "default": true
            }
          ],
          "store_path": "/nix/store/5d20l54js1snzsbkmhz88mz7ranfgr9b-patch-2.7.6"
        },
        "x86_64-linux": {
          "outputs": [
            {
              "path": "/tmp/containerbase/cache/nix/store/8ryl61421q3qb5sb3pw3fhrlv6zphpz0-patch-2.7.6",
              "default": true
            }
          ]
        }
      }
    },
    "pre-commit@4.5.1": {
      "last_modified": "2026-08-22T02:12:10Z",
      "resolved": "github:NixOS/nixpkgs/a831408e6378bc02ebf8cc09b52c96ca86f6bab4#pre-commit",
      "source": "devbox-search",
      "version": "4.5.1",
      "systems": {
        "aarch64-darwin": {
          "outputs": [
            {
              "name": "out",
              "path": "/nix/store/7wpdrjrs598pahw20m2lbzpz0rnrn2x5-pre-commit-4.5.1",
              "default": true
            },
            {
              "name": "dist",
              "path": "/nix/store/i0sa5frk8vpcdb3rki6rlaakd56wqlpa-pre-commit-4.5.1-dist"
            }
          ],
          "store_path": "/nix/store/7wpdrjrs598pahw20m2lbzpz0rnrn2x5-pre-commit-4.5.1"
        },
        "aarch64-linux": {
          "outputs": [
            {
              "name": "out",
              "path": "/nix/store/0nqihk04ghr9zgd5p61nxwv3hmfr6j7p-pre-commit-4.5.1",
              "default": true
            },
            {
              "name": "dist",
              "path": "/nix/store/rvyihipzrnb919r71pwm3yr6k1kx7qap-pre-commit-4.5.1-dist"
            }
          ],
          "store_path": "/nix/store/0nqihk04ghr9zgd5p61nxwv3hmfr6j7p-pre-commit-4.5.1"
        },
        "x86_64-darwin": {
          "outputs": [
            {
              "name": "out",
              "path": "/nix/store/51i9rjiyhdnxd96rp3cc8ykhcld7zhqq-pre-commit-4.5.1",
              "default": true
            },
            {
              "name": "dist",
              "path": "/nix/store/hphzzlh3q6nz74px0mq2a1h7yqkyr35b-pre-commit-4.5.1-dist"
            }
          ],
          "store_path": "/nix/store/51i9rjiyhdnxd96rp3cc8ykhcld7zhqq-pre-commit-4.5.1"
        },
        "x86_64-linux": {
          "outputs": [
            {
              "name": "out",
              "path": "/nix/store/x6cgwhgjipmrflxnr2wh0n9p20kwpvxm-pre-commit-4.5.1",
              "default": true
            },
            {
              "name": "dist",
              "path": "/nix/store/ibgk6944rmic4mm8qma1yjxwwxgfm284-pre-commit-4.5.1-dist"
            }
          ],
          "store_path": "/nix/store/x6cgwhgjipmrflxnr2wh0n9p20kwpvxm-pre-commit-4.5.1"
        }
      }
    },
    "python310Packages.dnspython@2.4.2": {
      "last_modified": "2023-12-13T22:54:10Z",
      "resolved": "github:NixOS/nixpkgs/fd04bea4cbf76f86f244b9e2549fca066db8ddff#python310Packages.dnspython",
      "source": "devbox-search",
      "version": "2.4.2",
      "systems": {
        "aarch64-darwin": {
          "outputs": [
            {
              "name": "out",
              "path": "/nix/store/az5vpzgbmf2dcfivw1pvrqh0qcm8awp2-python3.10-dnspython-2.4.2",
              "default": true
            },
            {
              "name": "dist",
              "path": "/nix/store/4xvibywl2w6w7idlhiv67b3r88d9mvhg-python3.10-dnspython-2.4.2-dist"
            }
          ],
          "store_path": "/nix/store/az5vpzgbmf2dcfivw1pvrqh0qcm8awp2-python3.10-dnspython-2.4.2"
        },
        "aarch64-linux": {
          "outputs": [
            {
              "name": "out",
              "path": "/nix/store/6ffqgd94hcy74cq3pvjk96m8i88iyc8p-python3.10-dnspython-2.4.2",
              "default": true
            },
            {
              "name": "dist",
              "path": "/nix/store/1b52fnflash6n6wwqqhadqw3hn5rcgyy-python3.10-dnspython-2.4.2-dist"
            }
          ],
          "store_path": "/nix/store/6ffqgd94hcy74cq3pvjk96m8i88iyc8p-python3.10-dnspython-2.4.2"
        },
        "x86_64-darwin": {
          "outputs": [
            {
              "name": "out",
              "path": "/nix/store/jfjrdhhafb3mq2fr85jrmrkykbs3d9af-python3.10-dnspython-2.4.2",
              "default": true
            },
            {
              "name": "dist",
              "path": "/nix/store/jnpkm4whg2dc08q6xbgfndbldqnkjniw-python3.10-dnspython-2.4.2-dist"
            }
          ],
          "store_path": "/nix/store/jfjrdhhafb3mq2fr85jrmrkykbs3d9af-python3.10-dnspython-2.4.2"
        },
        "x86_64-linux": {
          "outputs": [
            {
              "name": "out",
              "path": "/nix/store/7nf8wdnkgzpharwfd257wi89zrp384g8-python3.10-dnspython-2.4.2",
              "default": true
            },
            {
              "name": "dist",
              "path": "/nix/store/wp1wnwa8fc9ivvfsv23qflbkygf9jfr8-python3.10-dnspython-2.4.2-dist"
            }
          ],
          "store_path": "/nix/store/7nf8wdnkgzpharwfd257wi89zrp384g8-python3.10-dnspython-2.4.2"
        }
      }
    },
    "python310Packages.email-validator@2.0.0": {
      "last_modified": "2023-12-13T22:54:10Z",
      "resolved": "github:NixOS/nixpkgs/fd04bea4cbf76f86f244b9e2549fca066db8ddff#python310Packages.email-validator",
      "source": "devbox-search",
      "version": "2.0.0",
      "systems": {
        "aarch64-darwin": {
          "outputs": [
            {
              "name": "out",
              "path": "/nix/store/f35gd36kh37f86rinqpkqj4yvvhcylqa-python3.10-email-validator-2.0.0",
              "default": true
            },
            {
              "name": "dist",
              "path": "/nix/store/l5d2rv4wm70r89sw307cr88mys0daca2-python3.10-email-validator-2.0.0-dist"
            }
          ],
          "store_path": "/nix/store/f35gd36kh37f86rinqpkqj4yvvhcylqa-python3.10-email-validator-2.0.0"
        },
        "aarch64-linux": {
          "outputs": [
            {
              "name": "out",
              "path": "/nix/store/8a85vi9m7awkpm5wkk165hd9jnkqghpq-python3.10-email-validator-2.0.0",
              "default": true
            },
            {
              "name": "dist",
              "path": "/nix/store/lr7imz48xw2c3nwa544jg8v9pz97zy9l-python3.10-email-validator-2.0.0-dist"
            }
          ],
          "store_path": "/nix/store/8a85vi9m7awkpm5wkk165hd9jnkqghpq-python3.10-email-validator-2.0.0"
        },
        "x86_64-darwin": {
          "outputs": [
            {
              "name": "out",
              "path": "/nix/store/y30wphf10k0n56spijkap557n792yah2-python3.10-email-validator-2.0.0",
              "default": true
            },
            {
              "name": "dist",
              "path": "/nix/store/wl318rxl6bhcx85vbp0423qzhmpp2fvi-python3.10-email-validator-2.0.0-dist"
            }
          ],
          "store_path": "/nix/store/y30wphf10k0n56spijkap557n792yah2-python3.10-email-validator-2.0.0"
        },
        "x86_64-linux": {
          "outputs": [
            {
              "name": "out",
              "path": "/nix/store/41h3zh60fszw7yszv5xjv9jhrnhnskrc-python3.10-email-validator-2.0.0",
              "default": true
            },
            {
              "name": "dist",
              "path": "/nix/store/qb5lxsxv57p38xhak7pgy3bk0fnvgzqc-python3.10-email-validator-2.0.0-dist"
            }
          ],
          "store_path": "/nix/store/41h3zh60fszw7yszv5xjv9jhrnhnskrc-python3.10-email-validator-2.0.0"
        }
      }
    },
    "python310Packages.netaddr@0.8.0": {
      "last_modified": "2023-12-13T22:54:10Z",
      "resolved": "github:NixOS/nixpkgs/fd04bea4cbf76f86f244b9e2549fca066db8ddff#python310Packages.netaddr",
      "source": "devbox-search",
      "version": "0.8.0",
      "systems": {
        "aarch64-darwin": {
          "outputs": [
            {
              "name": "out",
              "path": "/nix/store/kx9zdlalf7g9c07gk462ff175psisxkw-python3.10-netaddr-0.8.0",
              "default": true
            },
            {
              "name": "dist",
              "path": "/nix/store/dcclvhi9dfxn50vwspg19i4k9d5v3diq-python3.10-netaddr-0.8.0-dist"
            }
          ],
          "store_path": "/nix/store/kx9zdlalf7g9c07gk462ff175psisxkw-python3.10-netaddr-0.8.0"
        },
        "aarch64-linux": {
          "outputs": [
            {
              "name": "out",
              "path": "/nix/store/873mkwhw97cscm26am67pr4l8cllg735-python3.10-netaddr-0.8.0",
              "default": true
            },
            {
              "name": "dist",
              "path": "/nix/store/yakw9pmk5xjyqvkq0zsz7r76azd27647-python3.10-netaddr-0.8.0-dist"
            }
          ],
          "store_path": "/nix/store/873mkwhw97cscm26am67pr4l8cllg735-python3.10-netaddr-0.8.0"
        },
        "x86_64-darwin": {
          "outputs": [
            {
              "name": "out",
              "path": "/nix/store/l2i4qczmy2r7ppbppra7fccj0316lili-python3.10-netaddr-0.8.0",
              "default": true
            },
            {
              "name": "dist",
              "path": "/nix/store/aq6mazid1i68z6afa6qr29gyf23q1iip-python3.10-netaddr-0.8.0-dist"
            }
          ],
          "store_path": "/nix/store/l2i4qczmy2r7ppbppra7fccj0316lili-python3.10-netaddr-0.8.0"
        },
        "x86_64-linux": {
          "outputs": [
            {
              "name": "out",
              "path": "/nix/store/a6bhf3z81zj9yxb0yiwrdw30z8if9pj4-python3.10-netaddr-0.8.0",
              "default": true
            },
            {
              "name": "dist",
              "path": "/nix/store/2pwgwlfmwmbvawy2z6fk7d01rynv95pq-python3.10-netaddr-0.8.0-dist"
            }
          ],
          "store_path": "/nix/store/a6bhf3z81zj9yxb0yiwrdw30z8if9pj4-python3.10-netaddr-0.8.0"
        }
      }
    },
    "python310Packages.ntplib@0.4.0": {
      "last_modified": "2023-12-13T22:54:10Z",
      "resolved": "github:NixOS/nixpkgs/fd04bea4cbf76f86f244b9e2549fca066db8ddff#python310Packages.ntplib",
      "source": "devbox-search",
      "version": "0.4.0",
      "systems": {
        "aarch64-darwin": {
          "outputs": [
            {
              "name": "out",
              "path": "/nix/store/c48w0lypwj25qkzzmig6lwvz0p3k6vvx-python3.10-ntplib-0.4.0",
              "default": true
            },
            {
              "name": "dist",
              "path": "/nix/store/ar3ilkqpnkvkfmkpiijv8nr3ly44p24g-python3.10-ntplib-0.4.0-dist"
            }
          ],
          "store_path": "/nix/store/c48w0lypwj25qkzzmig6lwvz0p3k6vvx-python3.10-ntplib-0.4.0"
        },
        "aarch64-linux": {
          "outputs": [
            {
              "name": "out",
              "path": "/nix/store/iq76188padgsd6498h941xnxy2md49fc-python3.10-ntplib-0.4.0",
              "default": true
            },
            {
              "name": "dist",
              "path": "/nix/store/cd3j1ynkw4axa3xz522vpcr6cbyys0fj-python3.10-ntplib-0.4.0-dist"
            }
          ],
          "store_path": "/nix/store/iq76188padgsd6498h941xnxy2md49fc-python3.10-ntplib-0.4.0"
        },
        "x86_64-darwin": {
          "outputs": [
            {
              "name": "out",
              "path": "/nix/store/127ksj4a9yk26s4y4g744s6wly44dxlp-python3.10-ntplib-0.4.0",
              "default": true
            },
            {
              "name": "dist",
              "path": "/nix/store/rcc92ch9zx8jsgjs90d7m6cya0b0kz6w-python3.10-ntplib-0.4.0-dist"
            }
          ],
          "store_path": "/nix/store/127ksj4a9yk26s4y4g744s6wly44dxlp-python3.10-ntplib-0.4.0"
        },
        "x86_64-linux": {
          "outputs": [
            {
              "name": "out",
              "path": "/nix/store/rni9rldf03xbry086hapnj2d6715hk88-python3.10-ntplib-0.4.0",
              "default": true
            },
            {
              "name": "dist",
              "path": "/nix/store/bdkw21x6zgyl2y6zwgbkcgdmizpy1j38-python3.10-ntplib-0.4.0-dist"
            }
          ],
          "store_path": "/nix/store/rni9rldf03xbry086hapnj2d6715hk88-python3.10-ntplib-0.4.0"
        }
      }
    },
    "python@3.14.4": {
      "last_modified": "2026-06-27T07:37:20Z",
      "plugin_version": "0.0.5",
      "resolved": "github:NixOS/nixpkgs/3d46470bb3030020f7e1361f33514854f5bfa86d#python314",
      "source": "devbox-search",
      "version": "3.14.4",
      "systems": {
        "aarch64-darwin": {
          "outputs": [
            {
              "name": "out",
              "path": "/nix/store/bz7r3a1x3xby7ilac2ngzwr0szf3yzxc-python3-3.14.4",
              "default": true
            }
          ],
          "store_path": "/nix/store/bz7r3a1x3xby7ilac2ngzwr0szf3yzxc-python3-3.14.4"
        },
        "aarch64-linux": {
          "outputs": [
            {
              "name": "out",
              "path": "/nix/store/fj2lkfaqsccpsgwmzrv921asxzsp1iin-python3-3.14.4",
              "default": true
            },
            {
              "name": "debug",
              "path": "/nix/store/8sggbkg072yim06lsbggkiwc84z28cj9-python3-3.14.4-debug"
            }
          ],
          "store_path": "/nix/store/fj2lkfaqsccpsgwmzrv921asxzsp1iin-python3-3.14.4"
        },
        "x86_64-darwin": {
          "outputs": [
            {
              "name": "out",
              "path": "/nix/store/dz3vgh7m1dsj9c3ahn1ab6wqpnz9bbww-python3-3.14.4",
              "default": true
            }
          ],
          "store_path": "/nix/store/dz3vgh7m1dsj9c3ahn1ab6wqpnz9bbww-python3-3.14.4"
        },
        "x86_64-linux": {
          "outputs": [
            {
              "name": "out",
              "path": "/nix/store/fk8c5cqd0npblqv1mcd8swhkcbng84qr-python3-3.14.4",
              "default": true
            },
            {
              "name": "debug",
              "path": "/nix/store/y6nmlnw8360r8lma5bjnp07vl9r4l07g-python3-3.14.4-debug"
            }
          ],
          "store_path": "/nix/store/fk8c5cqd0npblqv1mcd8swhkcbng84qr-python3-3.14.4"
        }
      }
    },
    "shellcheck@0.11.0": {
      "last_modified": "2026-08-12T11:28:58Z",
      "resolved": "github:NixOS/nixpkgs/044bfe75bfe4c7bbe043dc17b5e42ea823b84a09#shellcheck",
      "source": "devbox-search",
      "version": "0.11.0",
      "systems": {
        "aarch64-darwin": {
          "outputs": [
            {
              "name": "bin",
              "path": "/nix/store/gi827lccv5k11jinbnkcd02v5hbpsq7a-shellcheck-0.11.0-bin",
              "default": true
            },
            {
              "name": "man",
              "path": "/nix/store/gzgsa9pqgq0gj1sg80gx1yq22hy15lxg-shellcheck-0.11.0-man",
              "default": true
            },
            {
              "name": "doc",
              "path": "/nix/store/c8ssyf0il21j4lxf87084z29ak94xzj3-shellcheck-0.11.0-doc",
              "default": true
            },
            {
              "name": "out",
              "path": "/nix/store/37akanimvwnl1nf8jq5rxc2282zy20fy-shellcheck-0.11.0"
            }
          ],
          "store_path": "/nix/store/gi827lccv5k11jinbnkcd02v5hbpsq7a-shellcheck-0.11.0-bin"
        },
        "aarch64-linux": {
          "outputs": [
            {
              "name": "bin",
              "path": "/nix/store/ni99f5g4r74wx0ggjxfagkngk3yr88vm-shellcheck-0.11.0-bin",
              "default": true
            },
            {
              "name": "man",
              "path": "/nix/store/2gr73dqyg75n9l3d817647mxvzh26wb0-shellcheck-0.11.0-man",
              "default": true
            },
            {
              "name": "doc",
              "path": "/nix/store/g8hrxkkmxw516rb85ng17wkvm28p89pr-shellcheck-0.11.0-doc",
              "default": true
            },
            {
              "name": "out",
              "path": "/nix/store/x71fxri315zv93wrpnny81fxdqfrjngl-shellcheck-0.11.0"
            }
          ],
          "store_path": "/nix/store/ni99f5g4r74wx0ggjxfagkngk3yr88vm-shellcheck-0.11.0-bin"
        },
        "x86_64-darwin": {
          "outputs": [
            {
              "name": "bin",
              "path": "/nix/store/68yldspq5p1gxa79ghprb1njskk36ax2-shellcheck-0.11.0-bin",
              "default": true
            },
            {
              "name": "man",
              "path": "/nix/store/90d8x14kmdq8fa12d5azjwdnp4z55q8b-shellcheck-0.11.0-man",
              "default": true
            },
            {
              "name": "doc",
              "path": "/nix/store/4sk9v7wwdh2sia6wi3rknvvvm52wqg6r-shellcheck-0.11.0-doc",
              "default": true
            },
            {
              "name": "out",
              "path": "/nix/store/crl9a7fkfbpjbzgwj5nwpj57bmj7z940-shellcheck-0.11.0"
            }
          ],
          "store_path": "/nix/store/68yldspq5p1gxa79ghprb1njskk36ax2-shellcheck-0.11.0-bin"
        },
        "x86_64-linux": {
          "outputs": [
            {
              "name": "bin",
              "path": "/nix/store/arx11b315ynql817kgf0548307zm8w4r-shellcheck-0.11.0-bin",
              "default": true
            },
            {
              "name": "man",
              "path": "/nix/store/in81hnf2nqr1rjj30g4gs06qd6wj6kpc-shellcheck-0.11.0-man",
              "default": true
            },
            {
              "name": "doc",
              "path": "/nix/store/r0lr0clv3lbqbqy5pzh4ypr90jl87dll-shellcheck-0.11.0-doc",
              "default": true
            },
            {
              "name": "out",
              "path": "/nix/store/jfmvz8r53vma10savggy378w54fxr6n3-shellcheck-0.11.0"
            }
          ],
          "store_path": "/nix/store/arx11b315ynql817kgf0548307zm8w4r-shellcheck-0.11.0-bin"
        }
      }
    },
    "stern@1.34.0": {
      "last_modified": "2026-08-12T11:28:58Z",
      "resolved": "github:NixOS/nixpkgs/044bfe75bfe4c7bbe043dc17b5e42ea823b84a09#stern",
      "source": "devbox-search",
      "version": "1.34.0",
      "systems": {
        "aarch64-darwin": {
          "outputs": [
            {
              "name": "out",
              "path": "/nix/store/mqwdjhpbxxh1118j2qml7dv5k9i6v95f-stern-1.34.0",
              "default": true
            }
          ],
          "store_path": "/nix/store/mqwdjhpbxxh1118j2qml7dv5k9i6v95f-stern-1.34.0"
        },
        "aarch64-linux": {
          "outputs": [
            {
              "name": "out",
              "path": "/nix/store/pw9fyn7l8aci65dkq3pibyz5gaw2l7xm-stern-1.34.0",
              "default": true
            }
          ],
          "store_path": "/nix/store/pw9fyn7l8aci65dkq3pibyz5gaw2l7xm-stern-1.34.0"
        },
        "x86_64-darwin": {
          "outputs": [
            {
              "name": "out",
              "path": "/nix/store/xf33h6kqyaymd5b72l0wv4pad15w9bsq-stern-1.34.0",
              "default": true
            }
          ],
          "store_path": "/nix/store/xf33h6kqyaymd5b72l0wv4pad15w9bsq-stern-1.34.0"
        },
        "x86_64-linux": {
          "outputs": [
            {
              "name": "out",
              "path": "/nix/store/bnxi059hwm44kxx6kxjs16svmm0pf41h-stern-1.34.0",
              "default": true
            }
          ],
          "store_path": "/nix/store/bnxi059hwm44kxx6kxjs16svmm0pf41h-stern-1.34.0"
        }
      }
    },
    "talosctl@1.13.8": {
      "last_modified": "2026-08-16T22:25:34Z",
      "resolved": "github:NixOS/nixpkgs/21e032ff95225fb81164a2b2b696c5f6841fcb62#talosctl",
      "source": "devbox-search",
      "version": "1.13.8",
      "systems": {
        "aarch64-darwin": {
          "outputs": [
            {
              "name": "out",
              "path": "/nix/store/ns5l4427zh79q98yjs1gms89mw1ffpd6-talosctl-1.13.8",
              "default": true
            }
          ],
          "store_path": "/nix/store/ns5l4427zh79q98yjs1gms89mw1ffpd6-talosctl-1.13.8"
        },
        "aarch64-linux": {
          "outputs": [
            {
              "name": "out",
              "path": "/nix/store/0cciy57yfq213b3d2xn3bffbicfav28s-talosctl-1.13.8",
              "default": true
            }
          ],
          "store_path": "/nix/store/0cciy57yfq213b3d2xn3bffbicfav28s-talosctl-1.13.8"
        },
        "x86_64-linux": {
          "outputs": [
            {
              "name": "out",
              "path": "/nix/store/rdhfxj73lcas304w0a0mxgfqgjv8013b-talosctl-1.13.8",
              "default": true
            }
          ],
          "store_path": "/nix/store/rdhfxj73lcas304w0a0mxgfqgjv8013b-talosctl-1.13.8"
        }
      }
    },
    "uv@0.12.5": {
      "last_modified": "2026-08-22T02:12:10Z",
      "resolved": "github:NixOS/nixpkgs/a831408e6378bc02ebf8cc09b52c96ca86f6bab4#uv",
      "source": "devbox-search",
      "version": "0.12.5",
      "systems": {
        "aarch64-darwin": {
          "outputs": [
            {
              "name": "out",
              "path": "/nix/store/wvy1v08qn4v2p4c71pzx8rxva1v2hg73-uv-0.12.5",
              "default": true
            }
          ],
          "store_path": "/nix/store/wvy1v08qn4v2p4c71pzx8rxva1v2hg73-uv-0.12.5"
        },
        "aarch64-linux": {
          "outputs": [
            {
              "name": "out",
              "path": "/nix/store/jbbp63809yzn62babjv7f5f2bf24nklg-uv-0.12.5",
              "default": true
            }
          ],
          "store_path": "/nix/store/jbbp63809yzn62babjv7f5f2bf24nklg-uv-0.12.5"
        },
        "x86_64-linux": {
          "outputs": [
            {
              "name": "out",
              "path": "/nix/store/q48w4bd5w98g692nwf8acdngviqzaz9n-uv-0.12.5",
              "default": true
            }
          ],
          "store_path": "/nix/store/q48w4bd5w98g692nwf8acdngviqzaz9n-uv-0.12.5"
        }
      }
    },
    "yq-go@4.53.3": {
      "last_modified": "2026-08-12T11:28:58Z",
      "resolved": "github:NixOS/nixpkgs/044bfe75bfe4c7bbe043dc17b5e42ea823b84a09#yq-go",
      "source": "devbox-search",
      "version": "4.53.3",
      "systems": {
        "aarch64-darwin": {
          "outputs": [
            {
              "name": "out",
              "path": "/nix/store/36qwbqaqq83bna6dxl8gq00893yf2pzw-yq-go-4.53.3",
              "default": true
            }
          ],
          "store_path": "/nix/store/36qwbqaqq83bna6dxl8gq00893yf2pzw-yq-go-4.53.3"
        },
        "aarch64-linux": {
          "outputs": [
            {
              "name": "out",
              "path": "/nix/store/dq63h1d8cnz0536jyp2v12d2a3ksrycz-yq-go-4.53.3",
              "default": true
            }
          ],
          "store_path": "/nix/store/dq63h1d8cnz0536jyp2v12d2a3ksrycz-yq-go-4.53.3"
        },
        "x86_64-darwin": {
          "outputs": [
            {
              "name": "out",
              "path": "/nix/store/agf9fyr053m3092vsmh6vih3apz0kw05-yq-go-4.53.3",
              "default": true
            }
          ],
          "store_path": "/nix/store/agf9fyr053m3092vsmh6vih3apz0kw05-yq-go-4.53.3"
        },
        "x86_64-linux": {
          "outputs": [
            {
              "name": "out",
              "path": "/nix/store/dmcm5z66qrywifn6aymsdhfx6rdiazpy-yq-go-4.53.3",
              "default": true
            }
          ],
          "store_path": "/nix/store/dmcm5z66qrywifn6aymsdhfx6rdiazpy-yq-go-4.53.3"
        }
      }
    }
  }
}
